// !$*UTF8*$!
{
	archiveVersion = 1;
	classes = {
	};
	objectVersion = 46;
	objects = {

/* Begin PBXBuildFile section */
		4015D46D209FB47C00B4AFFD /* TopicSectionTitleView.xib in Resources */ = {isa = PBXBuildFile; fileRef = 4015D46B209FB47C00B4AFFD /* TopicSectionTitleView.xib */; };
		401EA0611E7093270030A252 /* CacheItem.swift in Sources */ = {isa = PBXBuildFile; fileRef = 401EA0601E7093270030A252 /* CacheItem.swift */; };
		402282B51DDE1B73001EC308 /* MenuViewController.swift in Sources */ = {isa = PBXBuildFile; fileRef = 402282B41DDE1B73001EC308 /* MenuViewController.swift */; };
		402282B71DDE25A1001EC308 /* ZoneViewController.swift in Sources */ = {isa = PBXBuildFile; fileRef = 402282B61DDE25A1001EC308 /* ZoneViewController.swift */; };
		4027BFF51E42AC0600CB5A95 /* BaseLocalCache.swift in Sources */ = {isa = PBXBuildFile; fileRef = 4027BFF41E42AC0600CB5A95 /* BaseLocalCache.swift */; };
		4035FAB01DDCE2C00032F41F /* AppDelegate.swift in Sources */ = {isa = PBXBuildFile; fileRef = 4035FAAF1DDCE2C00032F41F /* AppDelegate.swift */; };
		4035FAB21DDCE2C00032F41F /* MainViewController.swift in Sources */ = {isa = PBXBuildFile; fileRef = 4035FAB11DDCE2C00032F41F /* MainViewController.swift */; };
		4035FAB71DDCE2C00032F41F /* Main.storyboard in Resources */ = {isa = PBXBuildFile; fileRef = 4035FAB51DDCE2C00032F41F /* Main.storyboard */; };
		4035FAB91DDCE2C00032F41F /* Assets.xcassets in Resources */ = {isa = PBXBuildFile; fileRef = 4035FAB81DDCE2C00032F41F /* Assets.xcassets */; };
		4035FABC1DDCE2C00032F41F /* LaunchScreen.storyboard in Resources */ = {isa = PBXBuildFile; fileRef = 4035FABA1DDCE2C00032F41F /* LaunchScreen.storyboard */; };
		4035FAC61DDCE2ED0032F41F /* CloudKit.framework in Frameworks */ = {isa = PBXBuildFile; fileRef = 4035FAC51DDCE2ED0032F41F /* CloudKit.framework */; };
		4035FAC81DDCEF040032F41F /* CKDatabase+CloudShares.swift in Sources */ = {isa = PBXBuildFile; fileRef = 4035FAC71DDCEF040032F41F /* CKDatabase+CloudShares.swift */; };
		403FFE191E07279F0079B1CA /* TopicLocalCache.swift in Sources */ = {isa = PBXBuildFile; fileRef = 403FFE181E07279F0079B1CA /* TopicLocalCache.swift */; };
		407DF98F2082CB7400621523 /* CKContainer+CloudShares.swift in Sources */ = {isa = PBXBuildFile; fileRef = 407DF98E2082CB7400621523 /* CKContainer+CloudShares.swift */; };
		40BC73DB1E00633E00C5CAE6 /* TextFieldCell.swift in Sources */ = {isa = PBXBuildFile; fileRef = 40BC73DA1E00633E00C5CAE6 /* TextFieldCell.swift */; };
		40BC73DF1E008CC900C5CAE6 /* BaseViewController.swift in Sources */ = {isa = PBXBuildFile; fileRef = 40BC73DE1E008CC900C5CAE6 /* BaseViewController.swift */; };
		40C9BAAB1E1AEBFF00400C11 /* HandleCloudKitError.swift in Sources */ = {isa = PBXBuildFile; fileRef = 40C9BAAA1E1AEBFF00400C11 /* HandleCloudKitError.swift */; };
		40C9BAAD1E1B0C8400400C11 /* ZoneLocalCache.swift in Sources */ = {isa = PBXBuildFile; fileRef = 40C9BAAC1E1B0C8400400C11 /* ZoneLocalCache.swift */; };
		40C9BAB31E249BC100400C11 /* Database.swift in Sources */ = {isa = PBXBuildFile; fileRef = 40C9BAB21E249BC100400C11 /* Database.swift */; };
		40DAEC631DDEEBD200D46B86 /* NoteViewController.swift in Sources */ = {isa = PBXBuildFile; fileRef = 40DAEC621DDEEBD200D46B86 /* NoteViewController.swift */; };
		40DEC2811E357FDE00B90FF2 /* TopicSectionTitleView.swift in Sources */ = {isa = PBXBuildFile; fileRef = 40DEC27F1E357FDE00B90FF2 /* TopicSectionTitleView.swift */; };
/* End PBXBuildFile section */

/* Begin PBXFileReference section */
		4015D46C209FB47C00B4AFFD /* Base */ = {isa = PBXFileReference; lastKnownFileType = file.xib; name = Base; path = Base.lproj/TopicSectionTitleView.xib; sourceTree = "<group>"; };
		401EA0601E7093270030A252 /* CacheItem.swift */ = {isa = PBXFileReference; fileEncoding = 4; lastKnownFileType = sourcecode.swift; path = CacheItem.swift; sourceTree = "<group>"; };
		402282B41DDE1B73001EC308 /* MenuViewController.swift */ = {isa = PBXFileReference; fileEncoding = 4; lastKnownFileType = sourcecode.swift; path = MenuViewController.swift; sourceTree = "<group>"; };
		402282B61DDE25A1001EC308 /* ZoneViewController.swift */ = {isa = PBXFileReference; fileEncoding = 4; lastKnownFileType = sourcecode.swift; path = ZoneViewController.swift; sourceTree = "<group>"; };
		4027BFF41E42AC0600CB5A95 /* BaseLocalCache.swift */ = {isa = PBXFileReference; fileEncoding = 4; lastKnownFileType = sourcecode.swift; path = BaseLocalCache.swift; sourceTree = "<group>"; };
		4035FAAC1DDCE2C00032F41F /* CloudShares.app */ = {isa = PBXFileReference; explicitFileType = wrapper.application; includeInIndex = 0; path = CloudShares.app; sourceTree = BUILT_PRODUCTS_DIR; };
		4035FAAF1DDCE2C00032F41F /* AppDelegate.swift */ = {isa = PBXFileReference; lastKnownFileType = sourcecode.swift; path = AppDelegate.swift; sourceTree = "<group>"; };
		4035FAB11DDCE2C00032F41F /* MainViewController.swift */ = {isa = PBXFileReference; lastKnownFileType = sourcecode.swift; path = MainViewController.swift; sourceTree = "<group>"; };
		4035FAB61DDCE2C00032F41F /* Base */ = {isa = PBXFileReference; lastKnownFileType = file.storyboard; name = Base; path = Base.lproj/Main.storyboard; sourceTree = "<group>"; };
		4035FAB81DDCE2C00032F41F /* Assets.xcassets */ = {isa = PBXFileReference; lastKnownFileType = folder.assetcatalog; path = Assets.xcassets; sourceTree = "<group>"; };
		4035FABB1DDCE2C00032F41F /* Base */ = {isa = PBXFileReference; lastKnownFileType = file.storyboard; name = Base; path = Base.lproj/LaunchScreen.storyboard; sourceTree = "<group>"; };
		4035FABD1DDCE2C00032F41F /* Info.plist */ = {isa = PBXFileReference; lastKnownFileType = text.plist.xml; path = Info.plist; sourceTree = "<group>"; };
		4035FAC31DDCE2EB0032F41F /* CloudShares.entitlements */ = {isa = PBXFileReference; lastKnownFileType = text.plist.entitlements; path = CloudShares.entitlements; sourceTree = "<group>"; };
		4035FAC51DDCE2ED0032F41F /* CloudKit.framework */ = {isa = PBXFileReference; lastKnownFileType = wrapper.framework; name = CloudKit.framework; path = System/Library/Frameworks/CloudKit.framework; sourceTree = SDKROOT; };
		4035FAC71DDCEF040032F41F /* CKDatabase+CloudShares.swift */ = {isa = PBXFileReference; fileEncoding = 4; lastKnownFileType = sourcecode.swift; path = "CKDatabase+CloudShares.swift"; sourceTree = "<group>"; };
		403FFE181E07279F0079B1CA /* TopicLocalCache.swift */ = {isa = PBXFileReference; fileEncoding = 4; lastKnownFileType = sourcecode.swift; path = TopicLocalCache.swift; sourceTree = "<group>"; };
		4044E58B1E648D0C00C90090 /* README.md */ = {isa = PBXFileReference; fileEncoding = 4; lastKnownFileType = net.daringfireball.markdown; path = README.md; sourceTree = "<group>"; };
		407DF98E2082CB7400621523 /* CKContainer+CloudShares.swift */ = {isa = PBXFileReference; lastKnownFileType = sourcecode.swift; path = "CKContainer+CloudShares.swift"; sourceTree = "<group>"; };
		40BC73DA1E00633E00C5CAE6 /* TextFieldCell.swift */ = {isa = PBXFileReference; fileEncoding = 4; lastKnownFileType = sourcecode.swift; path = TextFieldCell.swift; sourceTree = "<group>"; };
		40BC73DE1E008CC900C5CAE6 /* BaseViewController.swift */ = {isa = PBXFileReference; fileEncoding = 4; lastKnownFileType = sourcecode.swift; path = BaseViewController.swift; sourceTree = "<group>"; };
		40C9BAAA1E1AEBFF00400C11 /* HandleCloudKitError.swift */ = {isa = PBXFileReference; fileEncoding = 4; lastKnownFileType = sourcecode.swift; path = HandleCloudKitError.swift; sourceTree = "<group>"; };
		40C9BAAC1E1B0C8400400C11 /* ZoneLocalCache.swift */ = {isa = PBXFileReference; fileEncoding = 4; lastKnownFileType = sourcecode.swift; path = ZoneLocalCache.swift; sourceTree = "<group>"; };
		40C9BAB21E249BC100400C11 /* Database.swift */ = {isa = PBXFileReference; fileEncoding = 4; lastKnownFileType = sourcecode.swift; path = Database.swift; sourceTree = "<group>"; };
		40DAEC621DDEEBD200D46B86 /* NoteViewController.swift */ = {isa = PBXFileReference; fileEncoding = 4; lastKnownFileType = sourcecode.swift; path = NoteViewController.swift; sourceTree = "<group>"; };
		40DEC27F1E357FDE00B90FF2 /* TopicSectionTitleView.swift */ = {isa = PBXFileReference; fileEncoding = 4; lastKnownFileType = sourcecode.swift; path = TopicSectionTitleView.swift; sourceTree = "<group>"; };
/* End PBXFileReference section */

/* Begin PBXFrameworksBuildPhase section */
		4035FAA91DDCE2C00032F41F /* Frameworks */ = {
			isa = PBXFrameworksBuildPhase;
			buildActionMask = 2147483647;
			files = (
				4035FAC61DDCE2ED0032F41F /* CloudKit.framework in Frameworks */,
			);
			runOnlyForDeploymentPostprocessing = 0;
		};
/* End PBXFrameworksBuildPhase section */

/* Begin PBXGroup section */
		4035FAA31DDCE2C00032F41F = {
			isa = PBXGroup;
			children = (
				4044E58B1E648D0C00C90090 /* README.md */,
				4035FAAE1DDCE2C00032F41F /* CloudShares */,
				4035FAAD1DDCE2C00032F41F /* Products */,
				4035FAC41DDCE2ED0032F41F /* Frameworks */,
			);
			sourceTree = "<group>";
		};
		4035FAAD1DDCE2C00032F41F /* Products */ = {
			isa = PBXGroup;
			children = (
				4035FAAC1DDCE2C00032F41F /* CloudShares.app */,
			);
			name = Products;
			sourceTree = "<group>";
		};
		4035FAAE1DDCE2C00032F41F /* CloudShares */ = {
			isa = PBXGroup;
			children = (
				4035FAC31DDCE2EB0032F41F /* CloudShares.entitlements */,
				407DF98E2082CB7400621523 /* CKContainer+CloudShares.swift */,
				4035FAC71DDCEF040032F41F /* CKDatabase+CloudShares.swift */,
				40C9BAAA1E1AEBFF00400C11 /* HandleCloudKitError.swift */,
				4035FAAF1DDCE2C00032F41F /* AppDelegate.swift */,
				40C9BAB21E249BC100400C11 /* Database.swift */,
				401EA0601E7093270030A252 /* CacheItem.swift */,
				4027BFF41E42AC0600CB5A95 /* BaseLocalCache.swift */,
				40C9BAAC1E1B0C8400400C11 /* ZoneLocalCache.swift */,
				403FFE181E07279F0079B1CA /* TopicLocalCache.swift */,
				402282B41DDE1B73001EC308 /* MenuViewController.swift */,
				40BC73DE1E008CC900C5CAE6 /* BaseViewController.swift */,
				402282B61DDE25A1001EC308 /* ZoneViewController.swift */,
				4035FAB11DDCE2C00032F41F /* MainViewController.swift */,
				40DEC27F1E357FDE00B90FF2 /* TopicSectionTitleView.swift */,
				4015D46B209FB47C00B4AFFD /* TopicSectionTitleView.xib */,
				40DAEC621DDEEBD200D46B86 /* NoteViewController.swift */,
				40BC73DA1E00633E00C5CAE6 /* TextFieldCell.swift */,
				4035FAB51DDCE2C00032F41F /* Main.storyboard */,
				4035FAB81DDCE2C00032F41F /* Assets.xcassets */,
				4035FABA1DDCE2C00032F41F /* LaunchScreen.storyboard */,
				4035FABD1DDCE2C00032F41F /* Info.plist */,
			);
			path = CloudShares;
			sourceTree = "<group>";
		};
		4035FAC41DDCE2ED0032F41F /* Frameworks */ = {
			isa = PBXGroup;
			children = (
				4035FAC51DDCE2ED0032F41F /* CloudKit.framework */,
			);
			name = Frameworks;
			sourceTree = "<group>";
		};
/* End PBXGroup section */

/* Begin PBXNativeTarget section */
		4035FAAB1DDCE2C00032F41F /* CloudShares */ = {
			isa = PBXNativeTarget;
			buildConfigurationList = 4035FAC01DDCE2C00032F41F /* Build configuration list for PBXNativeTarget "CloudShares" */;
			buildPhases = (
				4035FAA81DDCE2C00032F41F /* Sources */,
				4035FAA91DDCE2C00032F41F /* Frameworks */,
				4035FAAA1DDCE2C00032F41F /* Resources */,
				40A197B2208916DD0057ED2A /* ShellScript */,
			);
			buildRules = (
			);
			dependencies = (
			);
			name = CloudShares;
			productName = CloudShares;
			productReference = 4035FAAC1DDCE2C00032F41F /* CloudShares.app */;
			productType = "com.apple.product-type.application";
		};
/* End PBXNativeTarget section */

/* Begin PBXProject section */
		4035FAA41DDCE2C00032F41F /* Project object */ = {
			isa = PBXProject;
			attributes = {
				LastSwiftUpdateCheck = 0810;
				LastUpgradeCheck = 0930;
				ORGANIZATIONNAME = "Apple Inc.";
				TargetAttributes = {
					4035FAAB1DDCE2C00032F41F = {
						CreatedOnToolsVersion = 8.1;
						LastSwiftMigration = 0920;
						ProvisioningStyle = Automatic;
						SystemCapabilities = {
							com.apple.BackgroundModes = {
								enabled = 1;
							};
							com.apple.Push = {
								enabled = 1;
							};
							com.apple.iCloud = {
								enabled = 1;
							};
						};
					};
				};
			};
			buildConfigurationList = 4035FAA71DDCE2C00032F41F /* Build configuration list for PBXProject "CloudShares" */;
			compatibilityVersion = "Xcode 3.2";
			developmentRegion = English;
			hasScannedForEncodings = 0;
			knownRegions = (
				en,
				Base,
			);
			mainGroup = 4035FAA31DDCE2C00032F41F;
			productRefGroup = 4035FAAD1DDCE2C00032F41F /* Products */;
			projectDirPath = "";
			projectRoot = "";
			targets = (
				4035FAAB1DDCE2C00032F41F /* CloudShares */,
			);
		};
/* End PBXProject section */

/* Begin PBXResourcesBuildPhase section */
		4035FAAA1DDCE2C00032F41F /* Resources */ = {
			isa = PBXResourcesBuildPhase;
			buildActionMask = 2147483647;
			files = (
				4035FABC1DDCE2C00032F41F /* LaunchScreen.storyboard in Resources */,
				4035FAB91DDCE2C00032F41F /* Assets.xcassets in Resources */,
				4035FAB71DDCE2C00032F41F /* Main.storyboard in Resources */,
				4015D46D209FB47C00B4AFFD /* TopicSectionTitleView.xib in Resources */,
			);
			runOnlyForDeploymentPostprocessing = 0;
		};
/* End PBXResourcesBuildPhase section */

/* Begin PBXShellScriptBuildPhase section */
		40A197B2208916DD0057ED2A /* ShellScript */ = {
			isa = PBXShellScriptBuildPhase;
			buildActionMask = 2147483647;
			files = (
			);
			inputPaths = (
			);
			outputPaths = (
			);
			runOnlyForDeploymentPostprocessing = 0;
			shellPath = /bin/sh;
			shellScript = "";
			showEnvVarsInLog = 0;
		};
/* End PBXShellScriptBuildPhase section */

/* Begin PBXSourcesBuildPhase section */
		4035FAA81DDCE2C00032F41F /* Sources */ = {
			isa = PBXSourcesBuildPhase;
			buildActionMask = 2147483647;
			files = (
				40C9BAAD1E1B0C8400400C11 /* ZoneLocalCache.swift in Sources */,
				407DF98F2082CB7400621523 /* CKContainer+CloudShares.swift in Sources */,
				40DEC2811E357FDE00B90FF2 /* TopicSectionTitleView.swift in Sources */,
				40C9BAB31E249BC100400C11 /* Database.swift in Sources */,
				4035FAB21DDCE2C00032F41F /* MainViewController.swift in Sources */,
				4035FAC81DDCEF040032F41F /* CKDatabase+CloudShares.swift in Sources */,
				4035FAB01DDCE2C00032F41F /* AppDelegate.swift in Sources */,
				40BC73DF1E008CC900C5CAE6 /* BaseViewController.swift in Sources */,
				403FFE191E07279F0079B1CA /* TopicLocalCache.swift in Sources */,
				40C9BAAB1E1AEBFF00400C11 /* HandleCloudKitError.swift in Sources */,
				402282B71DDE25A1001EC308 /* ZoneViewController.swift in Sources */,
				40DAEC631DDEEBD200D46B86 /* NoteViewController.swift in Sources */,
				40BC73DB1E00633E00C5CAE6 /* TextFieldCell.swift in Sources */,
				401EA0611E7093270030A252 /* CacheItem.swift in Sources */,
				4027BFF51E42AC0600CB5A95 /* BaseLocalCache.swift in Sources */,
				402282B51DDE1B73001EC308 /* MenuViewController.swift in Sources */,
			);
			runOnlyForDeploymentPostprocessing = 0;
		};
/* End PBXSourcesBuildPhase section */

/* Begin PBXVariantGroup section */
		4015D46B209FB47C00B4AFFD /* TopicSectionTitleView.xib */ = {
			isa = PBXVariantGroup;
			children = (
				4015D46C209FB47C00B4AFFD /* Base */,
			);
			name = TopicSectionTitleView.xib;
			sourceTree = "<group>";
		};
		4035FAB51DDCE2C00032F41F /* Main.storyboard */ = {
			isa = PBXVariantGroup;
			children = (
				4035FAB61DDCE2C00032F41F /* Base */,
			);
			name = Main.storyboard;
			sourceTree = "<group>";
		};
		4035FABA1DDCE2C00032F41F /* LaunchScreen.storyboard */ = {
			isa = PBXVariantGroup;
			children = (
				4035FABB1DDCE2C00032F41F /* Base */,
			);
			name = LaunchScreen.storyboard;
			sourceTree = "<group>";
		};
/* End PBXVariantGroup section */

/* Begin XCBuildConfiguration section */
		4035FABE1DDCE2C00032F41F /* Debug */ = {
			isa = XCBuildConfiguration;
			buildSettings = {
				ALWAYS_SEARCH_USER_PATHS = NO;
				CLANG_ANALYZER_NONNULL = YES;
				CLANG_CXX_LANGUAGE_STANDARD = "gnu++0x";
				CLANG_CXX_LIBRARY = "libc++";
				CLANG_ENABLE_MODULES = YES;
				CLANG_ENABLE_OBJC_ARC = YES;
				CLANG_WARN_BLOCK_CAPTURE_AUTORELEASING = YES;
				CLANG_WARN_BOOL_CONVERSION = YES;
				CLANG_WARN_COMMA = YES;
				CLANG_WARN_CONSTANT_CONVERSION = YES;
				CLANG_WARN_DEPRECATED_OBJC_IMPLEMENTATIONS = YES;
				CLANG_WARN_DIRECT_OBJC_ISA_USAGE = YES_ERROR;
				CLANG_WARN_DOCUMENTATION_COMMENTS = YES;
				CLANG_WARN_EMPTY_BODY = YES;
				CLANG_WARN_ENUM_CONVERSION = YES;
				CLANG_WARN_INFINITE_RECURSION = YES;
				CLANG_WARN_INT_CONVERSION = YES;
				CLANG_WARN_NON_LITERAL_NULL_CONVERSION = YES;
				CLANG_WARN_OBJC_IMPLICIT_RETAIN_SELF = YES;
				CLANG_WARN_OBJC_LITERAL_CONVERSION = YES;
				CLANG_WARN_OBJC_ROOT_CLASS = YES_ERROR;
				CLANG_WARN_RANGE_LOOP_ANALYSIS = YES;
				CLANG_WARN_STRICT_PROTOTYPES = YES;
				CLANG_WARN_SUSPICIOUS_MOVE = YES;
				CLANG_WARN_SUSPICIOUS_MOVES = YES;
				CLANG_WARN_UNREACHABLE_CODE = YES;
				CLANG_WARN__DUPLICATE_METHOD_MATCH = YES;
				"CODE_SIGN_IDENTITY[sdk=iphoneos*]" = "iPhone Developer";
				COPY_PHASE_STRIP = NO;
				DEBUG_INFORMATION_FORMAT = dwarf;
				ENABLE_STRICT_OBJC_MSGSEND = YES;
				ENABLE_TESTABILITY = YES;
				GCC_C_LANGUAGE_STANDARD = gnu99;
				GCC_DYNAMIC_NO_PIC = NO;
				GCC_NO_COMMON_BLOCKS = YES;
				GCC_OPTIMIZATION_LEVEL = 0;
				GCC_PREPROCESSOR_DEFINITIONS = (
					"DEBUG=1",
					"$(inherited)",
				);
				GCC_WARN_64_TO_32_BIT_CONVERSION = YES;
				GCC_WARN_ABOUT_RETURN_TYPE = YES_ERROR;
				GCC_WARN_UNDECLARED_SELECTOR = YES;
				GCC_WARN_UNINITIALIZED_AUTOS = YES_AGGRESSIVE;
				GCC_WARN_UNUSED_FUNCTION = YES;
				GCC_WARN_UNUSED_VARIABLE = YES;
				IPHONEOS_DEPLOYMENT_TARGET = 10.2;
				MTL_ENABLE_DEBUG_INFO = YES;
				ONLY_ACTIVE_ARCH = YES;
				SDKROOT = iphoneos;
				SWIFT_ACTIVE_COMPILATION_CONDITIONS = DEBUG;
				SWIFT_OPTIMIZATION_LEVEL = "-Onone";
			};
			name = Debug;
		};
		4035FABF1DDCE2C00032F41F /* Release */ = {
			isa = XCBuildConfiguration;
			buildSettings = {
				ALWAYS_SEARCH_USER_PATHS = NO;
				CLANG_ANALYZER_NONNULL = YES;
				CLANG_CXX_LANGUAGE_STANDARD = "gnu++0x";
				CLANG_CXX_LIBRARY = "libc++";
				CLANG_ENABLE_MODULES = YES;
				CLANG_ENABLE_OBJC_ARC = YES;
				CLANG_WARN_BLOCK_CAPTURE_AUTORELEASING = YES;
				CLANG_WARN_BOOL_CONVERSION = YES;
				CLANG_WARN_COMMA = YES;
				CLANG_WARN_CONSTANT_CONVERSION = YES;
				CLANG_WARN_DEPRECATED_OBJC_IMPLEMENTATIONS = YES;
				CLANG_WARN_DIRECT_OBJC_ISA_USAGE = YES_ERROR;
				CLANG_WARN_DOCUMENTATION_COMMENTS = YES;
				CLANG_WARN_EMPTY_BODY = YES;
				CLANG_WARN_ENUM_CONVERSION = YES;
				CLANG_WARN_INFINITE_RECURSION = YES;
				CLANG_WARN_INT_CONVERSION = YES;
				CLANG_WARN_NON_LITERAL_NULL_CONVERSION = YES;
				CLANG_WARN_OBJC_IMPLICIT_RETAIN_SELF = YES;
				CLANG_WARN_OBJC_LITERAL_CONVERSION = YES;
				CLANG_WARN_OBJC_ROOT_CLASS = YES_ERROR;
				CLANG_WARN_RANGE_LOOP_ANALYSIS = YES;
				CLANG_WARN_STRICT_PROTOTYPES = YES;
				CLANG_WARN_SUSPICIOUS_MOVE = YES;
				CLANG_WARN_SUSPICIOUS_MOVES = YES;
				CLANG_WARN_UNREACHABLE_CODE = YES;
				CLANG_WARN__DUPLICATE_METHOD_MATCH = YES;
				"CODE_SIGN_IDENTITY[sdk=iphoneos*]" = "iPhone Developer";
				COPY_PHASE_STRIP = NO;
				DEBUG_INFORMATION_FORMAT = "dwarf-with-dsym";
				ENABLE_NS_ASSERTIONS = NO;
				ENABLE_STRICT_OBJC_MSGSEND = YES;
				GCC_C_LANGUAGE_STANDARD = gnu99;
				GCC_NO_COMMON_BLOCKS = YES;
				GCC_WARN_64_TO_32_BIT_CONVERSION = YES;
				GCC_WARN_ABOUT_RETURN_TYPE = YES_ERROR;
				GCC_WARN_UNDECLARED_SELECTOR = YES;
				GCC_WARN_UNINITIALIZED_AUTOS = YES_AGGRESSIVE;
				GCC_WARN_UNUSED_FUNCTION = YES;
				GCC_WARN_UNUSED_VARIABLE = YES;
				IPHONEOS_DEPLOYMENT_TARGET = 10.2;
				MTL_ENABLE_DEBUG_INFO = NO;
				SDKROOT = iphoneos;
				SWIFT_OPTIMIZATION_LEVEL = "-Owholemodule";
				VALIDATE_PRODUCT = YES;
			};
			name = Release;
		};
		4035FAC11DDCE2C00032F41F /* Debug */ = {
			isa = XCBuildConfiguration;
			buildSettings = {
				ASSETCATALOG_COMPILER_APPICON_NAME = AppIcon;
				CODE_SIGN_ENTITLEMENTS = CloudShares/CloudShares.entitlements;
				DEVELOPMENT_TEAM = "";
				GCC_WARN_INITIALIZER_NOT_FULLY_BRACKETED = YES;
				GCC_WARN_SHADOW = YES;
				GCC_WARN_SIGN_COMPARE = YES;
				GCC_WARN_UNUSED_LABEL = YES;
				INFOPLIST_FILE = CloudShares/Info.plist;
				LD_RUNPATH_SEARCH_PATHS = "$(inherited) @executable_path/Frameworks";
				PRODUCT_BUNDLE_IDENTIFIER = "com.example.apple-samplecode.cloudshares";
				PRODUCT_NAME = "$(TARGET_NAME)";
				SWIFT_SWIFT3_OBJC_INFERENCE = Default;
				SWIFT_VERSION = 4.0;
			};
			name = Debug;
		};
		4035FAC21DDCE2C00032F41F /* Release */ = {
			isa = XCBuildConfiguration;
			buildSettings = {
				ASSETCATALOG_COMPILER_APPICON_NAME = AppIcon;
				CODE_SIGN_ENTITLEMENTS = CloudShares/CloudShares.entitlements;
				DEVELOPMENT_TEAM = "";
				GCC_WARN_INITIALIZER_NOT_FULLY_BRACKETED = YES;
				GCC_WARN_SHADOW = YES;
				GCC_WARN_SIGN_COMPARE = YES;
				GCC_WARN_UNUSED_LABEL = YES;
				INFOPLIST_FILE = CloudShares/Info.plist;
				LD_RUNPATH_SEARCH_PATHS = "$(inherited) @executable_path/Frameworks";
				PRODUCT_BUNDLE_IDENTIFIER = "com.example.apple-samplecode.cloudshares";
				PRODUCT_NAME = "$(TARGET_NAME)";
				SWIFT_SWIFT3_OBJC_INFERENCE = Default;
				SWIFT_VERSION = 4.0;
			};
			name = Release;
		};
/* End XCBuildConfiguration section */

/* Begin XCConfigurationList section */
		4035FAA71DDCE2C00032F41F /* Build configuration list for PBXProject "CloudShares" */ = {
			isa = XCConfigurationList;
			buildConfigurations = (
				4035FABE1DDCE2C00032F41F /* Debug */,
				4035FABF1DDCE2C00032F41F /* Release */,
			);
			defaultConfigurationIsVisible = 0;
			defaultConfigurationName = Release;
		};
		4035FAC01DDCE2C00032F41F /* Build configuration list for PBXNativeTarget "CloudShares" */ = {
			isa = XCConfigurationList;
			buildConfigurations = (
				4035FAC11DDCE2C00032F41F /* Debug */,
				4035FAC21DDCE2C00032F41F /* Release */,
			);
			defaultConfigurationIsVisible = 0;
			defaultConfigurationName = Release;
		};
/* End XCConfigurationList section */
	};
	rootObject = 4035FAA41DDCE2C00032F41F /* Project object */;
}
