// !$*UTF8*$!
{
	archiveVersion = 1;
	classes = {
	};
	objectVersion = 48;
	objects = {

/* Begin PBXAggregateTarget section */
		5E16947A217717ED0086148C /* OutputFramework */ = {
			isa = PBXAggregateTarget;
			buildConfigurationList = 5E16947B217717ED0086148C /* Build configuration list for PBXAggregateTarget "OutputFramework" */;
			buildPhases = (
				5E16947E217717F40086148C /* ShellScript */,
			);
			dependencies = (
				5ED76E0721789EF100F5061F /* PBXTargetDependency */,
			);
			name = OutputFramework;
			productName = OutputFramework;
		};
/* End PBXAggregateTarget section */

/* Begin PBXBuildFile section */
		5E169466217717310086148C /* BFStaticFramework.framework in Frameworks */ = {isa = PBXBuildFile; fileRef = 5E16945C217717300086148C /* BFStaticFramework.framework */; };
		5E16946B217717310086148C /* BFStaticFrameworkTests.m in Sources */ = {isa = PBXBuildFile; fileRef = 5E16946A217717310086148C /* BFStaticFrameworkTests.m */; };
		5E16946D217717310086148C /* BFStaticFramework.h in Headers */ = {isa = PBXBuildFile; fileRef = 5E16945F217717310086148C /* BFStaticFramework.h */; settings = {ATTRIBUTES = (Public, ); }; };
		5E169478217717530086148C /* BFDeviceUtils.h in Headers */ = {isa = PBXBuildFile; fileRef = 5E169476217717530086148C /* BFDeviceUtils.h */; settings = {ATTRIBUTES = (Public, ); }; };
		5E169479217717530086148C /* BFDeviceUtils.m in Sources */ = {isa = PBXBuildFile; fileRef = 5E169477217717530086148C /* BFDeviceUtils.m */; };
		5E16950C21772AB60086148C /* UIView+Frame.h in Headers */ = {isa = PBXBuildFile; fileRef = 5E16950A21772AB60086148C /* UIView+Frame.h */; settings = {ATTRIBUTES = (Public, ); }; };
		5E16950D21772AB60086148C /* UIView+Frame.m in Sources */ = {isa = PBXBuildFile; fileRef = 5E16950B21772AB60086148C /* UIView+Frame.m */; };
		5ED76DFF217897D000F5061F /* qq@3x.png in Resources */ = {isa = PBXBuildFile; fileRef = 5ED76DFC217897D000F5061F /* qq@3x.png */; };
		5ED76E00217897D000F5061F /* qq.png in Resources */ = {isa = PBXBuildFile; fileRef = 5ED76DFD217897D000F5061F /* qq.png */; };
		5ED76E01217897D000F5061F /* qq@2x.png in Resources */ = {isa = PBXBuildFile; fileRef = 5ED76DFE217897D000F5061F /* qq@2x.png */; };
		5ED76E0B2178A11600F5061F /* BFStaticFramework.bundle in Resources */ = {isa = PBXBuildFile; fileRef = 5ED76E0A2178A11600F5061F /* BFStaticFramework.bundle */; };
/* End PBXBuildFile section */

/* Begin PBXContainerItemProxy section */
		5E169467217717310086148C /* PBXContainerItemProxy */ = {
			isa = PBXContainerItemProxy;
			containerPortal = 5E169453217717300086148C /* Project object */;
			proxyType = 1;
			remoteGlobalIDString = 5E16945B217717300086148C;
			remoteInfo = BFStaticFramework;
		};
		5ED76E0621789EF100F5061F /* PBXContainerItemProxy */ = {
			isa = PBXContainerItemProxy;
			containerPortal = 5E169453217717300086148C /* Project object */;
			proxyType = 1;
			remoteGlobalIDString = 5ED76DF42178949D00F5061F;
			remoteInfo = IconImage;
		};
/* End PBXContainerItemProxy section */

/* Begin PBXFileReference section */
		5E16945C217717300086148C /* BFStaticFramework.framework */ = {isa = PBXFileReference; explicitFileType = wrapper.framework; includeInIndex = 0; path = BFStaticFramework.framework; sourceTree = BUILT_PRODUCTS_DIR; };
		5E16945F217717310086148C /* BFStaticFramework.h */ = {isa = PBXFileReference; lastKnownFileType = sourcecode.c.h; path = BFStaticFramework.h; sourceTree = "<group>"; };
		5E169460217717310086148C /* Info.plist */ = {isa = PBXFileReference; lastKnownFileType = text.plist.xml; path = Info.plist; sourceTree = "<group>"; };
		5E169465217717310086148C /* BFStaticFrameworkTests.xctest */ = {isa = PBXFileReference; explicitFileType = wrapper.cfbundle; includeInIndex = 0; path = BFStaticFrameworkTests.xctest; sourceTree = BUILT_PRODUCTS_DIR; };
		5E16946A217717310086148C /* BFStaticFrameworkTests.m */ = {isa = PBXFileReference; lastKnownFileType = sourcecode.c.objc; path = BFStaticFrameworkTests.m; sourceTree = "<group>"; };
		5E16946C217717310086148C /* Info.plist */ = {isa = PBXFileReference; lastKnownFileType = text.plist.xml; path = Info.plist; sourceTree = "<group>"; };
		5E169476217717530086148C /* BFDeviceUtils.h */ = {isa = PBXFileReference; lastKnownFileType = sourcecode.c.h; path = BFDeviceUtils.h; sourceTree = "<group>"; };
		5E169477217717530086148C /* BFDeviceUtils.m */ = {isa = PBXFileReference; lastKnownFileType = sourcecode.c.objc; path = BFDeviceUtils.m; sourceTree = "<group>"; };
		5E16950A21772AB60086148C /* UIView+Frame.h */ = {isa = PBXFileReference; lastKnownFileType = sourcecode.c.h; path = "UIView+Frame.h"; sourceTree = "<group>"; };
		5E16950B21772AB60086148C /* UIView+Frame.m */ = {isa = PBXFileReference; lastKnownFileType = sourcecode.c.objc; path = "UIView+Frame.m"; sourceTree = "<group>"; };
		5ED76DF52178949D00F5061F /* BFStaticFramework.bundle */ = {isa = PBXFileReference; explicitFileType = wrapper.cfbundle; includeInIndex = 0; path = BFStaticFramework.bundle; sourceTree = BUILT_PRODUCTS_DIR; };
		5ED76DF72178949D00F5061F /* Info.plist */ = {isa = PBXFileReference; lastKnownFileType = text.plist.xml; path = Info.plist; sourceTree = "<group>"; };
		5ED76DFC217897D000F5061F /* qq@3x.png */ = {isa = PBXFileReference; lastKnownFileType = image.png; path = "qq@3x.png"; sourceTree = "<group>"; };
		5ED76DFD217897D000F5061F /* qq.png */ = {isa = PBXFileReference; lastKnownFileType = image.png; path = qq.png; sourceTree = "<group>"; };
		5ED76DFE217897D000F5061F /* qq@2x.png */ = {isa = PBXFileReference; lastKnownFileType = image.png; path = "qq@2x.png"; sourceTree = "<group>"; };
		5ED76E0A2178A11600F5061F /* BFStaticFramework.bundle */ = {isa = PBXFileReference; lastKnownFileType = "wrapper.plug-in"; name = BFStaticFramework.bundle; path = Products/BFStaticFramework.bundle; sourceTree = SOURCE_ROOT; };
/* End PBXFileReference section */

/* Begin PBXFrameworksBuildPhase section */
		5E169458217717300086148C /* Frameworks */ = {
			isa = PBXFrameworksBuildPhase;
			buildActionMask = 2147483647;
			files = (
			);
			runOnlyForDeploymentPostprocessing = 0;
		};
		5E169462217717310086148C /* Frameworks */ = {
			isa = PBXFrameworksBuildPhase;
			buildActionMask = 2147483647;
			files = (
				5E169466217717310086148C /* BFStaticFramework.framework in Frameworks */,
			);
			runOnlyForDeploymentPostprocessing = 0;
		};
		5ED76DF22178949D00F5061F /* Frameworks */ = {
			isa = PBXFrameworksBuildPhase;
			buildActionMask = 2147483647;
			files = (
			);
			runOnlyForDeploymentPostprocessing = 0;
		};
/* End PBXFrameworksBuildPhase section */

/* Begin PBXGroup section */
		5E169452217717300086148C = {
			isa = PBXGroup;
			children = (
				5E16945E217717300086148C /* BFStaticFramework */,
				5E169469217717310086148C /* BFStaticFrameworkTests */,
				5ED76DF62178949D00F5061F /* IconImage */,
				5E16945D217717300086148C /* Products */,
			);
			sourceTree = "<group>";
		};
		5E16945D217717300086148C /* Products */ = {
			isa = PBXGroup;
			children = (
				5E16945C217717300086148C /* BFStaticFramework.framework */,
				5E169465217717310086148C /* BFStaticFrameworkTests.xctest */,
				5ED76DF52178949D00F5061F /* BFStaticFramework.bundle */,
			);
			name = Products;
			sourceTree = "<group>";
		};
		5E16945E217717300086148C /* BFStaticFramework */ = {
			isa = PBXGroup;
			children = (
				5E169476217717530086148C /* BFDeviceUtils.h */,
				5E169477217717530086148C /* BFDeviceUtils.m */,
				5E16945F217717310086148C /* BFStaticFramework.h */,
				5E16950A21772AB60086148C /* UIView+Frame.h */,
				5E16950B21772AB60086148C /* UIView+Frame.m */,
				5ED76E0A2178A11600F5061F /* BFStaticFramework.bundle */,
				5E169460217717310086148C /* Info.plist */,
			);
			path = BFStaticFramework;
			sourceTree = "<group>";
		};
		5E169469217717310086148C /* BFStaticFrameworkTests */ = {
			isa = PBXGroup;
			children = (
				5E16946A217717310086148C /* BFStaticFrameworkTests.m */,
				5E16946C217717310086148C /* Info.plist */,
			);
			path = BFStaticFrameworkTests;
			sourceTree = "<group>";
		};
		5ED76DF62178949D00F5061F /* IconImage */ = {
			isa = PBXGroup;
			children = (
				5ED76DFB217897BA00F5061F /* resouce */,
				5ED76DF72178949D00F5061F /* Info.plist */,
			);
			path = IconImage;
			sourceTree = "<group>";
		};
		5ED76DFB217897BA00F5061F /* resouce */ = {
			isa = PBXGroup;
			children = (
				5ED76DFD217897D000F5061F /* qq.png */,
				5ED76DFE217897D000F5061F /* qq@2x.png */,
				5ED76DFC217897D000F5061F /* qq@3x.png */,
			);
			path = resouce;
			sourceTree = "<group>";
		};
/* End PBXGroup section */

/* Begin PBXHeadersBuildPhase section */
		5E169459217717300086148C /* Headers */ = {
			isa = PBXHeadersBuildPhase;
			buildActionMask = 2147483647;
			files = (
				5E16950C21772AB60086148C /* UIView+Frame.h in Headers */,
				5E169478217717530086148C /* BFDeviceUtils.h in Headers */,
				5E16946D217717310086148C /* BFStaticFramework.h in Headers */,
			);
			runOnlyForDeploymentPostprocessing = 0;
		};
/* End PBXHeadersBuildPhase section */

/* Begin PBXNativeTarget section */
		5E16945B217717300086148C /* BFStaticFramework */ = {
			isa = PBXNativeTarget;
			buildConfigurationList = 5E169470217717310086148C /* Build configuration list for PBXNativeTarget "BFStaticFramework" */;
			buildPhases = (
				5E169457217717300086148C /* Sources */,
				5E169458217717300086148C /* Frameworks */,
				5E169459217717300086148C /* Headers */,
				5E16945A217717300086148C /* Resources */,
				5E16953C217743580086148C /* Build Framework */,
			);
			buildRules = (
			);
			dependencies = (
			);
			name = BFStaticFramework;
			productName = BFStaticFramework;
			productReference = 5E16945C217717300086148C /* BFStaticFramework.framework */;
			productType = "com.apple.product-type.framework";
		};
		5E169464217717310086148C /* BFStaticFrameworkTests */ = {
			isa = PBXNativeTarget;
			buildConfigurationList = 5E169473217717310086148C /* Build configuration list for PBXNativeTarget "BFStaticFrameworkTests" */;
			buildPhases = (
				5E169461217717310086148C /* Sources */,
				5E169462217717310086148C /* Frameworks */,
				5E169463217717310086148C /* Resources */,
			);
			buildRules = (
			);
			dependencies = (
				5E169468217717310086148C /* PBXTargetDependency */,
			);
			name = BFStaticFrameworkTests;
			productName = BFStaticFrameworkTests;
			productReference = 5E169465217717310086148C /* BFStaticFrameworkTests.xctest */;
			productType = "com.apple.product-type.bundle.unit-test";
		};
		5ED76DF42178949D00F5061F /* IconImage */ = {
			isa = PBXNativeTarget;
			buildConfigurationList = 5ED76DF82178949D00F5061F /* Build configuration list for PBXNativeTarget "IconImage" */;
			buildPhases = (
				5ED76DF12178949D00F5061F /* Sources */,
				5ED76DF22178949D00F5061F /* Frameworks */,
				5ED76DF32178949D00F5061F /* Resources */,
			);
			buildRules = (
			);
			dependencies = (
			);
			name = IconImage;
			productName = IconImage;
			productReference = 5ED76DF52178949D00F5061F /* BFStaticFramework.bundle */;
			productType = "com.apple.product-type.bundle";
		};
/* End PBXNativeTarget section */

/* Begin PBXProject section */
		5E169453217717300086148C /* Project object */ = {
			isa = PBXProject;
			attributes = {
				LastUpgradeCheck = 0920;
				ORGANIZATIONNAME = "翁恒丛";
				TargetAttributes = {
					5E16945B217717300086148C = {
						CreatedOnToolsVersion = 9.2;
						ProvisioningStyle = Automatic;
					};
					5E169464217717310086148C = {
						CreatedOnToolsVersion = 9.2;
						ProvisioningStyle = Automatic;
					};
					5E16947A217717ED0086148C = {
						CreatedOnToolsVersion = 9.2;
						ProvisioningStyle = Automatic;
					};
					5ED76DF42178949D00F5061F = {
						CreatedOnToolsVersion = 9.2;
						ProvisioningStyle = Automatic;
					};
				};
			};
			buildConfigurationList = 5E169456217717300086148C /* Build configuration list for PBXProject "BFStaticFramework" */;
			compatibilityVersion = "Xcode 8.0";
			developmentRegion = en;
			hasScannedForEncodings = 0;
			knownRegions = (
				en,
			);
			mainGroup = 5E169452217717300086148C;
			productRefGroup = 5E16945D217717300086148C /* Products */;
			projectDirPath = "";
			projectRoot = "";
			targets = (
				5E16945B217717300086148C /* BFStaticFramework */,
				5E169464217717310086148C /* BFStaticFrameworkTests */,
				5E16947A217717ED0086148C /* OutputFramework */,
				5ED76DF42178949D00F5061F /* IconImage */,
			);
		};
/* End PBXProject section */

/* Begin PBXResourcesBuildPhase section */
		5E16945A217717300086148C /* Resources */ = {
			isa = PBXResourcesBuildPhase;
			buildActionMask = 2147483647;
			files = (
				5ED76E0B2178A11600F5061F /* BFStaticFramework.bundle in Resources */,
			);
			runOnlyForDeploymentPostprocessing = 0;
		};
		5E169463217717310086148C /* Resources */ = {
			isa = PBXResourcesBuildPhase;
			buildActionMask = 2147483647;
			files = (
			);
			runOnlyForDeploymentPostprocessing = 0;
		};
		5ED76DF32178949D00F5061F /* Resources */ = {
			isa = PBXResourcesBuildPhase;
			buildActionMask = 2147483647;
			files = (
				5ED76DFF217897D000F5061F /* qq@3x.png in Resources */,
				5ED76E00217897D000F5061F /* qq.png in Resources */,
				5ED76E01217897D000F5061F /* qq@2x.png in Resources */,
			);
			runOnlyForDeploymentPostprocessing = 0;
		};
/* End PBXResourcesBuildPhase section */

/* Begin PBXShellScriptBuildPhase section */
		5E16947E217717F40086148C /* ShellScript */ = {
			isa = PBXShellScriptBuildPhase;
			buildActionMask = 2147483647;
			files = (
			);
			inputPaths = (
			);
			outputPaths = (
			);
			runOnlyForDeploymentPostprocessing = 0;
			shellPath = /bin/sh;
			shellScript = "# Sets the target folders and the final framework product.\n# 如果工程名称和Framework的Target名称不一样的话，要自定义FMKNAME\n# 例如: FMK_NAME = \"MyFramework\"\nFMK_NAME=${PROJECT_NAME}\n# Install dir will be the final output to the framework.\n# The following line create it in the root folder of the current project.\nINSTALL_DIR=${SRCROOT}/Products/${FMK_NAME}.framework\n# Working dir will be deleted after theframework creation.\nWRK_DIR=build\nDEVICE_DIR=${WRK_DIR}/Release-iphoneos/${FMK_NAME}.framework\nSIMULATOR_DIR=${WRK_DIR}/Release-iphonesimulator/${FMK_NAME}.framework\n# -configuration ${CONFIGURATION}\n# Clean and Building both architectures.\nxcodebuild -configuration \"Release\" -target \"${FMK_NAME}\" -sdk iphoneos clean build\nxcodebuild -configuration \"Release\" -target \"${FMK_NAME}\" -sdk iphonesimulator clean build\n# Cleaning the oldest.\nif [ -d \"${INSTALL_DIR}\" ]\nthen\nrm -rf \"${INSTALL_DIR}\"\nfi\nmkdir -p \"${INSTALL_DIR}\"\ncp -R \"${DEVICE_DIR}/\" \"${INSTALL_DIR}/\"\n# Uses the Lipo Tool to merge both binary files (i386 + armv6/armv7) into one Universal final product.\nlipo -create \"${DEVICE_DIR}/${FMK_NAME}\" \"${SIMULATOR_DIR}/${FMK_NAME}\" -output \"${INSTALL_DIR}/${FMK_NAME}\"\nrm -r \"${WRK_DIR}\"\n\n# Copy the resources bundle\nditto \"${BUILT_PRODUCTS_DIR}/${FMK_NAME}.bundle\" \\\n\"${SRCROOT}/Products/${FMK_NAME}.bundle\"\n\nopen \"${INSTALL_DIR}\"";
		};
		5E16953C217743580086148C /* Build Framework */ = {
			isa = PBXShellScriptBuildPhase;
			buildActionMask = 2147483647;
			files = (
			);
			inputPaths = (
			);
			name = "Build Framework";
			outputPaths = (
			);
			runOnlyForDeploymentPostprocessing = 0;
			shellPath = /bin/sh;
			shellScript = "set -e\n\n\n\nexport FRAMEWORK_LOCN=\"${BUILT_PRODUCTS_DIR}/${PRODUCT_NAME}.framework\"\n\n\n\n# Create the path to the real Headers die\n\nmkdir -p \"${FRAMEWORK_LOCN}/Versions/A/Headers\"\n\n\n\n# Create the required symlinks\n\n/bin/ln -sfh A \"${FRAMEWORK_LOCN}/Versions/Current\"\n\n/bin/ln -sfh Versions/Current/Headers \"${FRAMEWORK_LOCN}/Headers\"\n\n/bin/ln -sfh \"Versions/Current/${PRODUCT_NAME}\" \\\n\n\"${FRAMEWORK_LOCN}/${PRODUCT_NAME}\"\n\n\n\n# Copy the public headers into the framework\n\n/bin/cp -a \"${TARGET_BUILD_DIR}/${PUBLIC_HEADERS_FOLDER_PATH}/\" \\\n\n\"${FRAMEWORK_LOCN}/Versions/A/Headers\"";
		};
/* End PBXShellScriptBuildPhase section */

/* Begin PBXSourcesBuildPhase section */
		5E169457217717300086148C /* Sources */ = {
			isa = PBXSourcesBuildPhase;
			buildActionMask = 2147483647;
			files = (
				5E16950D21772AB60086148C /* UIView+Frame.m in Sources */,
				5E169479217717530086148C /* BFDeviceUtils.m in Sources */,
			);
			runOnlyForDeploymentPostprocessing = 0;
		};
		5E169461217717310086148C /* Sources */ = {
			isa = PBXSourcesBuildPhase;
			buildActionMask = 2147483647;
			files = (
				5E16946B217717310086148C /* BFStaticFrameworkTests.m in Sources */,
			);
			runOnlyForDeploymentPostprocessing = 0;
		};
		5ED76DF12178949D00F5061F /* Sources */ = {
			isa = PBXSourcesBuildPhase;
			buildActionMask = 2147483647;
			files = (
			);
			runOnlyForDeploymentPostprocessing = 0;
		};
/* End PBXSourcesBuildPhase section */

/* Begin PBXTargetDependency section */
		5E169468217717310086148C /* PBXTargetDependency */ = {
			isa = PBXTargetDependency;
			target = 5E16945B217717300086148C /* BFStaticFramework */;
			targetProxy = 5E169467217717310086148C /* PBXContainerItemProxy */;
		};
		5ED76E0721789EF100F5061F /* PBXTargetDependency */ = {
			isa = PBXTargetDependency;
			target = 5ED76DF42178949D00F5061F /* IconImage */;
			targetProxy = 5ED76E0621789EF100F5061F /* PBXContainerItemProxy */;
		};
/* End PBXTargetDependency section */

/* Begin XCBuildConfiguration section */
		5E16946E217717310086148C /* Debug */ = {
			isa = XCBuildConfiguration;
			buildSettings = {
				ALWAYS_SEARCH_USER_PATHS = NO;
				CLANG_ANALYZER_NONNULL = YES;
				CLANG_ANALYZER_NUMBER_OBJECT_CONVERSION = YES_AGGRESSIVE;
				CLANG_CXX_LANGUAGE_STANDARD = "gnu++14";
				CLANG_CXX_LIBRARY = "libc++";
				CLANG_ENABLE_MODULES = YES;
				CLANG_ENABLE_OBJC_ARC = YES;
				CLANG_WARN_BLOCK_CAPTURE_AUTORELEASING = YES;
				CLANG_WARN_BOOL_CONVERSION = YES;
				CLANG_WARN_COMMA = YES;
				CLANG_WARN_CONSTANT_CONVERSION = YES;
				CLANG_WARN_DIRECT_OBJC_ISA_USAGE = YES_ERROR;
				CLANG_WARN_DOCUMENTATION_COMMENTS = YES;
				CLANG_WARN_EMPTY_BODY = YES;
				CLANG_WARN_ENUM_CONVERSION = YES;
				CLANG_WARN_INFINITE_RECURSION = YES;
				CLANG_WARN_INT_CONVERSION = YES;
				CLANG_WARN_NON_LITERAL_NULL_CONVERSION = YES;
				CLANG_WARN_OBJC_LITERAL_CONVERSION = YES;
				CLANG_WARN_OBJC_ROOT_CLASS = YES_ERROR;
				CLANG_WARN_RANGE_LOOP_ANALYSIS = YES;
				CLANG_WARN_STRICT_PROTOTYPES = YES;
				CLANG_WARN_SUSPICIOUS_MOVE = YES;
				CLANG_WARN_UNGUARDED_AVAILABILITY = YES_AGGRESSIVE;
				CLANG_WARN_UNREACHABLE_CODE = YES;
				CLANG_WARN__DUPLICATE_METHOD_MATCH = YES;
				CODE_SIGN_IDENTITY = "iPhone Developer";
				COPY_PHASE_STRIP = NO;
				CURRENT_PROJECT_VERSION = 1;
				DEBUG_INFORMATION_FORMAT = dwarf;
				ENABLE_STRICT_OBJC_MSGSEND = YES;
				ENABLE_TESTABILITY = YES;
				GCC_C_LANGUAGE_STANDARD = gnu11;
				GCC_DYNAMIC_NO_PIC = NO;
				GCC_NO_COMMON_BLOCKS = YES;
				GCC_OPTIMIZATION_LEVEL = 0;
				GCC_PREPROCESSOR_DEFINITIONS = (
					"DEBUG=1",
					"$(inherited)",
				);
				GCC_WARN_64_TO_32_BIT_CONVERSION = YES;
				GCC_WARN_ABOUT_RETURN_TYPE = YES_ERROR;
				GCC_WARN_UNDECLARED_SELECTOR = YES;
				GCC_WARN_UNINITIALIZED_AUTOS = YES_AGGRESSIVE;
				GCC_WARN_UNUSED_FUNCTION = YES;
				GCC_WARN_UNUSED_VARIABLE = YES;
				IPHONEOS_DEPLOYMENT_TARGET = 11.2;
				MTL_ENABLE_DEBUG_INFO = YES;
				ONLY_ACTIVE_ARCH = YES;
				SDKROOT = iphoneos;
				VERSIONING_SYSTEM = "apple-generic";
				VERSION_INFO_PREFIX = "";
			};
			name = Debug;
		};
		5E16946F217717310086148C /* Release */ = {
			isa = XCBuildConfiguration;
			buildSettings = {
				ALWAYS_SEARCH_USER_PATHS = NO;
				CLANG_ANALYZER_NONNULL = YES;
				CLANG_ANALYZER_NUMBER_OBJECT_CONVERSION = YES_AGGRESSIVE;
				CLANG_CXX_LANGUAGE_STANDARD = "gnu++14";
				CLANG_CXX_LIBRARY = "libc++";
				CLANG_ENABLE_MODULES = YES;
				CLANG_ENABLE_OBJC_ARC = YES;
				CLANG_WARN_BLOCK_CAPTURE_AUTORELEASING = YES;
				CLANG_WARN_BOOL_CONVERSION = YES;
				CLANG_WARN_COMMA = YES;
				CLANG_WARN_CONSTANT_CONVERSION = YES;
				CLANG_WARN_DIRECT_OBJC_ISA_USAGE = YES_ERROR;
				CLANG_WARN_DOCUMENTATION_COMMENTS = YES;
				CLANG_WARN_EMPTY_BODY = YES;
				CLANG_WARN_ENUM_CONVERSION = YES;
				CLANG_WARN_INFINITE_RECURSION = YES;
				CLANG_WARN_INT_CONVERSION = YES;
				CLANG_WARN_NON_LITERAL_NULL_CONVERSION = YES;
				CLANG_WARN_OBJC_LITERAL_CONVERSION = YES;
				CLANG_WARN_OBJC_ROOT_CLASS = YES_ERROR;
				CLANG_WARN_RANGE_LOOP_ANALYSIS = YES;
				CLANG_WARN_STRICT_PROTOTYPES = YES;
				CLANG_WARN_SUSPICIOUS_MOVE = YES;
				CLANG_WARN_UNGUARDED_AVAILABILITY = YES_AGGRESSIVE;
				CLANG_WARN_UNREACHABLE_CODE = YES;
				CLANG_WARN__DUPLICATE_METHOD_MATCH = YES;
				CODE_SIGN_IDENTITY = "iPhone Developer";
				COPY_PHASE_STRIP = NO;
				CURRENT_PROJECT_VERSION = 1;
				DEBUG_INFORMATION_FORMAT = "dwarf-with-dsym";
				ENABLE_NS_ASSERTIONS = NO;
				ENABLE_STRICT_OBJC_MSGSEND = YES;
				GCC_C_LANGUAGE_STANDARD = gnu11;
				GCC_NO_COMMON_BLOCKS = YES;
				GCC_WARN_64_TO_32_BIT_CONVERSION = YES;
				GCC_WARN_ABOUT_RETURN_TYPE = YES_ERROR;
				GCC_WARN_UNDECLARED_SELECTOR = YES;
				GCC_WARN_UNINITIALIZED_AUTOS = YES_AGGRESSIVE;
				GCC_WARN_UNUSED_FUNCTION = YES;
				GCC_WARN_UNUSED_VARIABLE = YES;
				IPHONEOS_DEPLOYMENT_TARGET = 11.2;
				MTL_ENABLE_DEBUG_INFO = NO;
				SDKROOT = iphoneos;
				VALIDATE_PRODUCT = YES;
				VERSIONING_SYSTEM = "apple-generic";
				VERSION_INFO_PREFIX = "";
			};
			name = Release;
		};
		5E169471217717310086148C /* Debug */ = {
			isa = XCBuildConfiguration;
			buildSettings = {
				CODE_SIGN_IDENTITY = "";
				CODE_SIGN_STYLE = Automatic;
				DEAD_CODE_STRIPPING = NO;
				DEFINES_MODULE = YES;
				DEVELOPMENT_TEAM = 69XHTLCF36;
				DYLIB_COMPATIBILITY_VERSION = 1;
				DYLIB_CURRENT_VERSION = 1;
				DYLIB_INSTALL_NAME_BASE = "@rpath";
				INFOPLIST_FILE = BFStaticFramework/Info.plist;
				INSTALL_PATH = "$(LOCAL_LIBRARY_DIR)/Frameworks";
				IPHONEOS_DEPLOYMENT_TARGET = 10.0;
				LD_RUNPATH_SEARCH_PATHS = "$(inherited) @executable_path/Frameworks @loader_path/Frameworks";
				LINK_WITH_STANDARD_LIBRARIES = NO;
				MACH_O_TYPE = staticlib;
				PRODUCT_BUNDLE_IDENTIFIER = com.luci.beefun.BFStaticFramework;
				PRODUCT_NAME = "$(TARGET_NAME:c99extidentifier)";
				SKIP_INSTALL = YES;
				TARGETED_DEVICE_FAMILY = "1,2";
			};
			name = Debug;
		};
		5E169472217717310086148C /* Release */ = {
			isa = XCBuildConfiguration;
			buildSettings = {
				CODE_SIGN_IDENTITY = "";
				CODE_SIGN_STYLE = Automatic;
				DEAD_CODE_STRIPPING = NO;
				DEFINES_MODULE = YES;
				DEVELOPMENT_TEAM = 69XHTLCF36;
				DYLIB_COMPATIBILITY_VERSION = 1;
				DYLIB_CURRENT_VERSION = 1;
				DYLIB_INSTALL_NAME_BASE = "@rpath";
				INFOPLIST_FILE = BFStaticFramework/Info.plist;
				INSTALL_PATH = "$(LOCAL_LIBRARY_DIR)/Frameworks";
				IPHONEOS_DEPLOYMENT_TARGET = 10.0;
				LD_RUNPATH_SEARCH_PATHS = "$(inherited) @executable_path/Frameworks @loader_path/Frameworks";
				LINK_WITH_STANDARD_LIBRARIES = NO;
				MACH_O_TYPE = staticlib;
				PRODUCT_BUNDLE_IDENTIFIER = com.luci.beefun.BFStaticFramework;
				PRODUCT_NAME = "$(TARGET_NAME:c99extidentifier)";
				SKIP_INSTALL = YES;
				TARGETED_DEVICE_FAMILY = "1,2";
			};
			name = Release;
		};
		5E169474217717310086148C /* Debug */ = {
			isa = XCBuildConfiguration;
			buildSettings = {
				CODE_SIGN_STYLE = Automatic;
				DEVELOPMENT_TEAM = 69XHTLCF36;
				INFOPLIST_FILE = BFStaticFrameworkTests/Info.plist;
				LD_RUNPATH_SEARCH_PATHS = "$(inherited) @executable_path/Frameworks @loader_path/Frameworks";
				PRODUCT_BUNDLE_IDENTIFIER = com.luci.beefun.BFStaticFrameworkTests;
				PRODUCT_NAME = "$(TARGET_NAME)";
				TARGETED_DEVICE_FAMILY = "1,2";
			};
			name = Debug;
		};
		5E169475217717310086148C /* Release */ = {
			isa = XCBuildConfiguration;
			buildSettings = {
				CODE_SIGN_STYLE = Automatic;
				DEVELOPMENT_TEAM = 69XHTLCF36;
				INFOPLIST_FILE = BFStaticFrameworkTests/Info.plist;
				LD_RUNPATH_SEARCH_PATHS = "$(inherited) @executable_path/Frameworks @loader_path/Frameworks";
				PRODUCT_BUNDLE_IDENTIFIER = com.luci.beefun.BFStaticFrameworkTests;
				PRODUCT_NAME = "$(TARGET_NAME)";
				TARGETED_DEVICE_FAMILY = "1,2";
			};
			name = Release;
		};
		5E16947C217717ED0086148C /* Debug */ = {
			isa = XCBuildConfiguration;
			buildSettings = {
				CODE_SIGN_STYLE = Automatic;
				DEVELOPMENT_TEAM = 69XHTLCF36;
				IPHONEOS_DEPLOYMENT_TARGET = 10.0;
				PRODUCT_NAME = "$(TARGET_NAME)";
			};
			name = Debug;
		};
		5E16947D217717ED0086148C /* Release */ = {
			isa = XCBuildConfiguration;
			buildSettings = {
				CODE_SIGN_STYLE = Automatic;
				DEVELOPMENT_TEAM = 69XHTLCF36;
				IPHONEOS_DEPLOYMENT_TARGET = 10.0;
				PRODUCT_NAME = "$(TARGET_NAME)";
			};
			name = Release;
		};
		5ED76DF92178949D00F5061F /* Debug */ = {
			isa = XCBuildConfiguration;
			buildSettings = {
				CODE_SIGN_IDENTITY = "Mac Developer";
				CODE_SIGN_STYLE = Automatic;
				DEVELOPMENT_TEAM = 69XHTLCF36;
				ENABLE_BITCODE = NO;
				INFOPLIST_FILE = IconImage/Info.plist;
				INSTALL_PATH = "$(LOCAL_LIBRARY_DIR)/Bundles";
				MACOSX_DEPLOYMENT_TARGET = 10.13;
				PRODUCT_BUNDLE_IDENTIFIER = com.luci.beefun.IconImage;
				PRODUCT_NAME = BFStaticFramework;
				SKIP_INSTALL = YES;
				SUPPORTED_PLATFORMS = "iphonesimulator iphoneos";
				WRAPPER_EXTENSION = bundle;
			};
			name = Debug;
		};
		5ED76DFA2178949D00F5061F /* Release */ = {
			isa = XCBuildConfiguration;
			buildSettings = {
				CODE_SIGN_IDENTITY = "Mac Developer";
				CODE_SIGN_STYLE = Automatic;
				DEVELOPMENT_TEAM = 69XHTLCF36;
				ENABLE_BITCODE = NO;
				INFOPLIST_FILE = IconImage/Info.plist;
				INSTALL_PATH = "$(LOCAL_LIBRARY_DIR)/Bundles";
				MACOSX_DEPLOYMENT_TARGET = 10.13;
				PRODUCT_BUNDLE_IDENTIFIER = com.luci.beefun.IconImage;
				PRODUCT_NAME = BFStaticFramework;
				SKIP_INSTALL = YES;
				SUPPORTED_PLATFORMS = "iphonesimulator iphoneos";
				WRAPPER_EXTENSION = bundle;
			};
			name = Release;
		};
/* End XCBuildConfiguration section */

/* Begin XCConfigurationList section */
		5E169456217717300086148C /* Build configuration list for PBXProject "BFStaticFramework" */ = {
			isa = XCConfigurationList;
			buildConfigurations = (
				5E16946E217717310086148C /* Debug */,
				5E16946F217717310086148C /* Release */,
			);
			defaultConfigurationIsVisible = 0;
			defaultConfigurationName = Release;
		};
		5E169470217717310086148C /* Build configuration list for PBXNativeTarget "BFStaticFramework" */ = {
			isa = XCConfigurationList;
			buildConfigurations = (
				5E169471217717310086148C /* Debug */,
				5E169472217717310086148C /* Release */,
			);
			defaultConfigurationIsVisible = 0;
			defaultConfigurationName = Release;
		};
		5E169473217717310086148C /* Build configuration list for PBXNativeTarget "BFStaticFrameworkTests" */ = {
			isa = XCConfigurationList;
			buildConfigurations = (
				5E169474217717310086148C /* Debug */,
				5E169475217717310086148C /* Release */,
			);
			defaultConfigurationIsVisible = 0;
			defaultConfigurationName = Release;
		};
		5E16947B217717ED0086148C /* Build configuration list for PBXAggregateTarget "OutputFramework" */ = {
			isa = XCConfigurationList;
			buildConfigurations = (
				5E16947C217717ED0086148C /* Debug */,
				5E16947D217717ED0086148C /* Release */,
			);
			defaultConfigurationIsVisible = 0;
			defaultConfigurationName = Release;
		};
		5ED76DF82178949D00F5061F /* Build configuration list for PBXNativeTarget "IconImage" */ = {
			isa = XCConfigurationList;
			buildConfigurations = (
				5ED76DF92178949D00F5061F /* Debug */,
				5ED76DFA2178949D00F5061F /* Release */,
			);
			defaultConfigurationIsVisible = 0;
			defaultConfigurationName = Release;
		};
/* End XCConfigurationList section */
	};
	rootObject = 5E169453217717300086148C /* Project object */;
}
