// !$*UTF8*$!
{
	archiveVersion = 1;
	classes = {
	};
	objectVersion = 50;
	objects = {

/* Begin PBXBuildFile section */
		419B29762303735A008EB8E4 /* E_069_SquareOfX.swift in Sources */ = {isa = PBXBuildFile; fileRef = 419B29752303735A008EB8E4 /* E_069_SquareOfX.swift */; };
		5E076F20230F4548002FF51C /* E_125_IsPalindrome.swift in Sources */ = {isa = PBXBuildFile; fileRef = 5E076F1F230F4548002FF51C /* E_125_IsPalindrome.swift */; };
		5E076F22230F5367002FF51C /* E_206_ReverseList.swift in Sources */ = {isa = PBXBuildFile; fileRef = 5E076F21230F5366002FF51C /* E_206_ReverseList.swift */; };
		5E076F24230F5CE1002FF51C /* E_237_DeleteListNode.swift in Sources */ = {isa = PBXBuildFile; fileRef = 5E076F23230F5CE1002FF51C /* E_237_DeleteListNode.swift */; };
		5E076F26230F5E79002FF51C /* E_344_ReverseString.swift in Sources */ = {isa = PBXBuildFile; fileRef = 5E076F25230F5E79002FF51C /* E_344_ReverseString.swift */; };
		5E20EE9924BE4DE900E725A6 /* M_120_TriangleMinimumTotal.swift in Sources */ = {isa = PBXBuildFile; fileRef = 5E20EE9824BE4DE900E725A6 /* M_120_TriangleMinimumTotal.swift */; };
		5E20EE9B24BE51E700E725A6 /* Test_91_120.swift in Sources */ = {isa = PBXBuildFile; fileRef = 5E20EE9A24BE51E700E725A6 /* Test_91_120.swift */; };
		5E3C653822FC417300392CB5 /* E_007_ReverseInteger.swift in Sources */ = {isa = PBXBuildFile; fileRef = 5E3C653722FC417300392CB5 /* E_007_ReverseInteger.swift */; };
		5E3D9523230197160090DB06 /* E_020_BracketsisValid.swift in Sources */ = {isa = PBXBuildFile; fileRef = 5E3D9522230197160090DB06 /* E_020_BracketsisValid.swift */; };
		5E3D9525230257040090DB06 /* ListNode.swift in Sources */ = {isa = PBXBuildFile; fileRef = 5E3D9524230257040090DB06 /* ListNode.swift */; };
		5E3D9527230257560090DB06 /* E_021_MergeTwoLists.swift in Sources */ = {isa = PBXBuildFile; fileRef = 5E3D9526230257560090DB06 /* E_021_MergeTwoLists.swift */; };
		5E3D952923026A170090DB06 /* E_026_RemoveDuplicates.swift in Sources */ = {isa = PBXBuildFile; fileRef = 5E3D952823026A170090DB06 /* E_026_RemoveDuplicates.swift */; };
		5E3D95402303947B0090DB06 /* E_070_ClimbStairs.swift in Sources */ = {isa = PBXBuildFile; fileRef = 5E3D953F2303947B0090DB06 /* E_070_ClimbStairs.swift */; };
		5E3D95542304EC550090DB06 /* E_066_PlusOne.swift in Sources */ = {isa = PBXBuildFile; fileRef = 5E3D95532304EC550090DB06 /* E_066_PlusOne.swift */; };
		5E3D95572304F8460090DB06 /* E_088_MergeTowArray.swift in Sources */ = {isa = PBXBuildFile; fileRef = 5E3D95562304F8460090DB06 /* E_088_MergeTowArray.swift */; };
		5E3D9559230502CB0090DB06 /* E_104_TreeMaxDepth.swift in Sources */ = {isa = PBXBuildFile; fileRef = 5E3D9558230502CB0090DB06 /* E_104_TreeMaxDepth.swift */; };
		5E3D955B230502FD0090DB06 /* TreeNode.swift in Sources */ = {isa = PBXBuildFile; fileRef = 5E3D955A230502FD0090DB06 /* TreeNode.swift */; };
		5E51C10122FCFF50006C5B1B /* E_013_RomanToInt.swift in Sources */ = {isa = PBXBuildFile; fileRef = 5E51C10022FCFF50006C5B1B /* E_013_RomanToInt.swift */; };
		5E85F9012BBBCA2D00383379 /* E_203_RemoveElements.swift in Sources */ = {isa = PBXBuildFile; fileRef = 5E85F9002BBBCA2D00383379 /* E_203_RemoveElements.swift */; };
		5E85F9042BBBE1CC00383379 /* M_707_MyLinkedList.swift in Sources */ = {isa = PBXBuildFile; fileRef = 5E85F9032BBBE1CC00383379 /* M_707_MyLinkedList.swift */; };
		5E85F9062BBD5F8200383379 /* M_024_SwapPairs.swift in Sources */ = {isa = PBXBuildFile; fileRef = 5E85F9052BBD5F8200383379 /* M_024_SwapPairs.swift */; };
		5E93D3062BA8333300AE427B /* E_027_RemoveElement.swift in Sources */ = {isa = PBXBuildFile; fileRef = 5E93D3052BA8333300AE427B /* E_027_RemoveElement.swift */; };
		5E93D3092BA9871500AE427B /* E_977_SortedSquares.swift in Sources */ = {isa = PBXBuildFile; fileRef = 5E93D3082BA9871500AE427B /* E_977_SortedSquares.swift */; };
		5E93D30B2BAAB73700AE427B /* E_209_MinSubArray.swift in Sources */ = {isa = PBXBuildFile; fileRef = 5E93D30A2BAAB73700AE427B /* E_209_MinSubArray.swift */; };
		5E93D30D2BAAC3BF00AE427B /* E_059_GenerateMatrix.swift in Sources */ = {isa = PBXBuildFile; fileRef = 5E93D30C2BAAC3BE00AE427B /* E_059_GenerateMatrix.swift */; };
		5EA7792C2314056200717BF6 /* E_202_HappyNumber.swift in Sources */ = {isa = PBXBuildFile; fileRef = 5EA7792B2314056200717BF6 /* E_202_HappyNumber.swift */; };
		5EA7792E23140D3B00717BF6 /* E_136_SingleNumber.swift in Sources */ = {isa = PBXBuildFile; fileRef = 5EA7792D23140D3B00717BF6 /* E_136_SingleNumber.swift */; };
		5EA7793023140F6700717BF6 /* E_198_Rob.swift in Sources */ = {isa = PBXBuildFile; fileRef = 5EA7792F23140F6700717BF6 /* E_198_Rob.swift */; };
		5EC39A5322F98F3B005DD359 /* AppDelegate.swift in Sources */ = {isa = PBXBuildFile; fileRef = 5EC39A5222F98F3B005DD359 /* AppDelegate.swift */; };
		5EC39A5522F98F3B005DD359 /* FirstViewController.swift in Sources */ = {isa = PBXBuildFile; fileRef = 5EC39A5422F98F3B005DD359 /* FirstViewController.swift */; };
		5EC39A5722F98F3B005DD359 /* SecondViewController.swift in Sources */ = {isa = PBXBuildFile; fileRef = 5EC39A5622F98F3B005DD359 /* SecondViewController.swift */; };
		5EC39A5A22F98F3B005DD359 /* Main.storyboard in Resources */ = {isa = PBXBuildFile; fileRef = 5EC39A5822F98F3B005DD359 /* Main.storyboard */; };
		5EC39A5C22F98F3C005DD359 /* Assets.xcassets in Resources */ = {isa = PBXBuildFile; fileRef = 5EC39A5B22F98F3C005DD359 /* Assets.xcassets */; };
		5EC39A5F22F98F3C005DD359 /* LaunchScreen.storyboard in Resources */ = {isa = PBXBuildFile; fileRef = 5EC39A5D22F98F3C005DD359 /* LaunchScreen.storyboard */; };
		5EC39A6A22F98F3C005DD359 /* LeetCodeSwiftTests.swift in Sources */ = {isa = PBXBuildFile; fileRef = 5EC39A6922F98F3C005DD359 /* LeetCodeSwiftTests.swift */; };
		5EC39A7622F98F89005DD359 /* E_001_TwoSum.swift in Sources */ = {isa = PBXBuildFile; fileRef = 5EC39A7522F98F89005DD359 /* E_001_TwoSum.swift */; };
		5EC64E2622FD23820063ED6F /* E_014_LongestCommonPrefix.swift in Sources */ = {isa = PBXBuildFile; fileRef = 5EC64E2522FD23820063ED6F /* E_014_LongestCommonPrefix.swift */; };
		5EF77433230C138400EFCE2C /* E_283_MoveZeroes.swift in Sources */ = {isa = PBXBuildFile; fileRef = 5EF77432230C138400EFCE2C /* E_283_MoveZeroes.swift */; };
		5EF77435230C1FCE00EFCE2C /* E_268_MissingNumber.swift in Sources */ = {isa = PBXBuildFile; fileRef = 5EF77434230C1FCE00EFCE2C /* E_268_MissingNumber.swift */; };
		5EF77437230C2E2400EFCE2C /* E_242_IsAnagram.swift in Sources */ = {isa = PBXBuildFile; fileRef = 5EF77436230C2E2400EFCE2C /* E_242_IsAnagram.swift */; };
/* End PBXBuildFile section */

/* Begin PBXContainerItemProxy section */
		5EC39A6622F98F3C005DD359 /* PBXContainerItemProxy */ = {
			isa = PBXContainerItemProxy;
			containerPortal = 5EC39A4722F98F3B005DD359 /* Project object */;
			proxyType = 1;
			remoteGlobalIDString = 5EC39A4E22F98F3B005DD359;
			remoteInfo = LeetCodeSwift;
		};
/* End PBXContainerItemProxy section */

/* Begin PBXFileReference section */
		419B29752303735A008EB8E4 /* E_069_SquareOfX.swift */ = {isa = PBXFileReference; lastKnownFileType = sourcecode.swift; path = E_069_SquareOfX.swift; sourceTree = "<group>"; };
		5E076F1F230F4548002FF51C /* E_125_IsPalindrome.swift */ = {isa = PBXFileReference; lastKnownFileType = sourcecode.swift; path = E_125_IsPalindrome.swift; sourceTree = "<group>"; };
		5E076F21230F5366002FF51C /* E_206_ReverseList.swift */ = {isa = PBXFileReference; lastKnownFileType = sourcecode.swift; path = E_206_ReverseList.swift; sourceTree = "<group>"; };
		5E076F23230F5CE1002FF51C /* E_237_DeleteListNode.swift */ = {isa = PBXFileReference; lastKnownFileType = sourcecode.swift; path = E_237_DeleteListNode.swift; sourceTree = "<group>"; };
		5E076F25230F5E79002FF51C /* E_344_ReverseString.swift */ = {isa = PBXFileReference; lastKnownFileType = sourcecode.swift; path = E_344_ReverseString.swift; sourceTree = "<group>"; };
		5E20EE9824BE4DE900E725A6 /* M_120_TriangleMinimumTotal.swift */ = {isa = PBXFileReference; lastKnownFileType = sourcecode.swift; path = M_120_TriangleMinimumTotal.swift; sourceTree = "<group>"; };
		5E20EE9A24BE51E700E725A6 /* Test_91_120.swift */ = {isa = PBXFileReference; lastKnownFileType = sourcecode.swift; path = Test_91_120.swift; sourceTree = "<group>"; };
		5E3C653722FC417300392CB5 /* E_007_ReverseInteger.swift */ = {isa = PBXFileReference; lastKnownFileType = sourcecode.swift; path = E_007_ReverseInteger.swift; sourceTree = "<group>"; };
		5E3D9522230197160090DB06 /* E_020_BracketsisValid.swift */ = {isa = PBXFileReference; lastKnownFileType = sourcecode.swift; path = E_020_BracketsisValid.swift; sourceTree = "<group>"; };
		5E3D9524230257040090DB06 /* ListNode.swift */ = {isa = PBXFileReference; lastKnownFileType = sourcecode.swift; path = ListNode.swift; sourceTree = "<group>"; };
		5E3D9526230257560090DB06 /* E_021_MergeTwoLists.swift */ = {isa = PBXFileReference; lastKnownFileType = sourcecode.swift; path = E_021_MergeTwoLists.swift; sourceTree = "<group>"; };
		5E3D952823026A170090DB06 /* E_026_RemoveDuplicates.swift */ = {isa = PBXFileReference; lastKnownFileType = sourcecode.swift; path = E_026_RemoveDuplicates.swift; sourceTree = "<group>"; };
		5E3D953F2303947B0090DB06 /* E_070_ClimbStairs.swift */ = {isa = PBXFileReference; lastKnownFileType = sourcecode.swift; path = E_070_ClimbStairs.swift; sourceTree = "<group>"; };
		5E3D95532304EC550090DB06 /* E_066_PlusOne.swift */ = {isa = PBXFileReference; lastKnownFileType = sourcecode.swift; path = E_066_PlusOne.swift; sourceTree = "<group>"; };
		5E3D95562304F8460090DB06 /* E_088_MergeTowArray.swift */ = {isa = PBXFileReference; lastKnownFileType = sourcecode.swift; path = E_088_MergeTowArray.swift; sourceTree = "<group>"; };
		5E3D9558230502CB0090DB06 /* E_104_TreeMaxDepth.swift */ = {isa = PBXFileReference; lastKnownFileType = sourcecode.swift; path = E_104_TreeMaxDepth.swift; sourceTree = "<group>"; };
		5E3D955A230502FD0090DB06 /* TreeNode.swift */ = {isa = PBXFileReference; lastKnownFileType = sourcecode.swift; path = TreeNode.swift; sourceTree = "<group>"; };
		5E51C10022FCFF50006C5B1B /* E_013_RomanToInt.swift */ = {isa = PBXFileReference; lastKnownFileType = sourcecode.swift; path = E_013_RomanToInt.swift; sourceTree = "<group>"; };
		5E85F9002BBBCA2D00383379 /* E_203_RemoveElements.swift */ = {isa = PBXFileReference; lastKnownFileType = sourcecode.swift; path = E_203_RemoveElements.swift; sourceTree = "<group>"; };
		5E85F9032BBBE1CC00383379 /* M_707_MyLinkedList.swift */ = {isa = PBXFileReference; lastKnownFileType = sourcecode.swift; path = M_707_MyLinkedList.swift; sourceTree = "<group>"; };
		5E85F9052BBD5F8200383379 /* M_024_SwapPairs.swift */ = {isa = PBXFileReference; lastKnownFileType = sourcecode.swift; path = M_024_SwapPairs.swift; sourceTree = "<group>"; };
		5E93D3052BA8333300AE427B /* E_027_RemoveElement.swift */ = {isa = PBXFileReference; lastKnownFileType = sourcecode.swift; path = E_027_RemoveElement.swift; sourceTree = "<group>"; };
		5E93D3082BA9871500AE427B /* E_977_SortedSquares.swift */ = {isa = PBXFileReference; lastKnownFileType = sourcecode.swift; path = E_977_SortedSquares.swift; sourceTree = "<group>"; };
		5E93D30A2BAAB73700AE427B /* E_209_MinSubArray.swift */ = {isa = PBXFileReference; lastKnownFileType = sourcecode.swift; path = E_209_MinSubArray.swift; sourceTree = "<group>"; };
		5E93D30C2BAAC3BE00AE427B /* E_059_GenerateMatrix.swift */ = {isa = PBXFileReference; lastKnownFileType = sourcecode.swift; path = E_059_GenerateMatrix.swift; sourceTree = "<group>"; };
		5EA7792B2314056200717BF6 /* E_202_HappyNumber.swift */ = {isa = PBXFileReference; lastKnownFileType = sourcecode.swift; path = E_202_HappyNumber.swift; sourceTree = "<group>"; };
		5EA7792D23140D3B00717BF6 /* E_136_SingleNumber.swift */ = {isa = PBXFileReference; lastKnownFileType = sourcecode.swift; path = E_136_SingleNumber.swift; sourceTree = "<group>"; };
		5EA7792F23140F6700717BF6 /* E_198_Rob.swift */ = {isa = PBXFileReference; lastKnownFileType = sourcecode.swift; path = E_198_Rob.swift; sourceTree = "<group>"; };
		5EC39A4F22F98F3B005DD359 /* LeetCodeSwift.app */ = {isa = PBXFileReference; explicitFileType = wrapper.application; includeInIndex = 0; path = LeetCodeSwift.app; sourceTree = BUILT_PRODUCTS_DIR; };
		5EC39A5222F98F3B005DD359 /* AppDelegate.swift */ = {isa = PBXFileReference; lastKnownFileType = sourcecode.swift; path = AppDelegate.swift; sourceTree = "<group>"; };
		5EC39A5422F98F3B005DD359 /* FirstViewController.swift */ = {isa = PBXFileReference; lastKnownFileType = sourcecode.swift; path = FirstViewController.swift; sourceTree = "<group>"; };
		5EC39A5622F98F3B005DD359 /* SecondViewController.swift */ = {isa = PBXFileReference; lastKnownFileType = sourcecode.swift; path = SecondViewController.swift; sourceTree = "<group>"; };
		5EC39A5922F98F3B005DD359 /* Base */ = {isa = PBXFileReference; lastKnownFileType = file.storyboard; name = Base; path = Base.lproj/Main.storyboard; sourceTree = "<group>"; };
		5EC39A5B22F98F3C005DD359 /* Assets.xcassets */ = {isa = PBXFileReference; lastKnownFileType = folder.assetcatalog; path = Assets.xcassets; sourceTree = "<group>"; };
		5EC39A5E22F98F3C005DD359 /* Base */ = {isa = PBXFileReference; lastKnownFileType = file.storyboard; name = Base; path = Base.lproj/LaunchScreen.storyboard; sourceTree = "<group>"; };
		5EC39A6022F98F3C005DD359 /* Info.plist */ = {isa = PBXFileReference; lastKnownFileType = text.plist.xml; path = Info.plist; sourceTree = "<group>"; };
		5EC39A6522F98F3C005DD359 /* LeetCodeSwiftTests.xctest */ = {isa = PBXFileReference; explicitFileType = wrapper.cfbundle; includeInIndex = 0; path = LeetCodeSwiftTests.xctest; sourceTree = BUILT_PRODUCTS_DIR; };
		5EC39A6922F98F3C005DD359 /* LeetCodeSwiftTests.swift */ = {isa = PBXFileReference; lastKnownFileType = sourcecode.swift; path = LeetCodeSwiftTests.swift; sourceTree = "<group>"; };
		5EC39A6B22F98F3C005DD359 /* Info.plist */ = {isa = PBXFileReference; lastKnownFileType = text.plist.xml; path = Info.plist; sourceTree = "<group>"; };
		5EC39A7522F98F89005DD359 /* E_001_TwoSum.swift */ = {isa = PBXFileReference; lastKnownFileType = sourcecode.swift; path = E_001_TwoSum.swift; sourceTree = "<group>"; };
		5EC64E2522FD23820063ED6F /* E_014_LongestCommonPrefix.swift */ = {isa = PBXFileReference; lastKnownFileType = sourcecode.swift; path = E_014_LongestCommonPrefix.swift; sourceTree = "<group>"; };
		5EF77432230C138400EFCE2C /* E_283_MoveZeroes.swift */ = {isa = PBXFileReference; lastKnownFileType = sourcecode.swift; path = E_283_MoveZeroes.swift; sourceTree = "<group>"; };
		5EF77434230C1FCE00EFCE2C /* E_268_MissingNumber.swift */ = {isa = PBXFileReference; lastKnownFileType = sourcecode.swift; path = E_268_MissingNumber.swift; sourceTree = "<group>"; };
		5EF77436230C2E2400EFCE2C /* E_242_IsAnagram.swift */ = {isa = PBXFileReference; lastKnownFileType = sourcecode.swift; path = E_242_IsAnagram.swift; sourceTree = "<group>"; };
/* End PBXFileReference section */

/* Begin PBXFrameworksBuildPhase section */
		5EC39A4C22F98F3B005DD359 /* Frameworks */ = {
			isa = PBXFrameworksBuildPhase;
			buildActionMask = 2147483647;
			files = (
			);
			runOnlyForDeploymentPostprocessing = 0;
		};
		5EC39A6222F98F3C005DD359 /* Frameworks */ = {
			isa = PBXFrameworksBuildPhase;
			buildActionMask = 2147483647;
			files = (
			);
			runOnlyForDeploymentPostprocessing = 0;
		};
/* End PBXFrameworksBuildPhase section */

/* Begin PBXGroup section */
		5E076F27230F776F002FF51C /* Structure */ = {
			isa = PBXGroup;
			children = (
				5E3D9524230257040090DB06 /* ListNode.swift */,
				5E3D955A230502FD0090DB06 /* TreeNode.swift */,
			);
			path = Structure;
			sourceTree = "<group>";
		};
		5E85F9022BBBE1B300383379 /* 0700-0800 */ = {
			isa = PBXGroup;
			children = (
				5E85F9032BBBE1CC00383379 /* M_707_MyLinkedList.swift */,
			);
			path = "0700-0800";
			sourceTree = "<group>";
		};
		5E93D3072BA986ED00AE427B /* 0901-1000 */ = {
			isa = PBXGroup;
			children = (
				5E93D3082BA9871500AE427B /* E_977_SortedSquares.swift */,
			);
			path = "0901-1000";
			sourceTree = "<group>";
		};
		5EC39A4622F98F3B005DD359 = {
			isa = PBXGroup;
			children = (
				5EC39A5122F98F3B005DD359 /* LeetCodeSwift */,
				5EC39A6822F98F3C005DD359 /* LeetCodeSwiftTests */,
				5EC39A5022F98F3B005DD359 /* Products */,
			);
			sourceTree = "<group>";
		};
		5EC39A5022F98F3B005DD359 /* Products */ = {
			isa = PBXGroup;
			children = (
				5EC39A4F22F98F3B005DD359 /* LeetCodeSwift.app */,
				5EC39A6522F98F3C005DD359 /* LeetCodeSwiftTests.xctest */,
			);
			name = Products;
			sourceTree = "<group>";
		};
		5EC39A5122F98F3B005DD359 /* LeetCodeSwift */ = {
			isa = PBXGroup;
			children = (
				5E076F27230F776F002FF51C /* Structure */,
				5EDE35E924BE70C300F4CB53 /* 0001-0100 */,
				5EDE35EA24BE70D100F4CB53 /* 0101-0200 */,
				5EDE35EB24BE70FF00F4CB53 /* 0201-0300 */,
				5EDE35EC24BE710D00F4CB53 /* 0301-0400 */,
				5EDE35ED24BE713300F4CB53 /* 0401-0500 */,
				5EDE35EF24BE714700F4CB53 /* 0601-0700 */,
				5E85F9022BBBE1B300383379 /* 0700-0800 */,
				5EDE35EE24BE713F00F4CB53 /* 0501-0600 */,
				5E93D3072BA986ED00AE427B /* 0901-1000 */,
				5EC39A7422F98F4B005DD359 /* Supporting Files */,
			);
			path = LeetCodeSwift;
			sourceTree = "<group>";
		};
		5EC39A6822F98F3C005DD359 /* LeetCodeSwiftTests */ = {
			isa = PBXGroup;
			children = (
				5EC39A6922F98F3C005DD359 /* LeetCodeSwiftTests.swift */,
				5E20EE9A24BE51E700E725A6 /* Test_91_120.swift */,
				5EC39A6B22F98F3C005DD359 /* Info.plist */,
			);
			path = LeetCodeSwiftTests;
			sourceTree = "<group>";
		};
		5EC39A7422F98F4B005DD359 /* Supporting Files */ = {
			isa = PBXGroup;
			children = (
				5EC39A5222F98F3B005DD359 /* AppDelegate.swift */,
				5EC39A5422F98F3B005DD359 /* FirstViewController.swift */,
				5EC39A5622F98F3B005DD359 /* SecondViewController.swift */,
				5EC39A5822F98F3B005DD359 /* Main.storyboard */,
				5EC39A5B22F98F3C005DD359 /* Assets.xcassets */,
				5EC39A5D22F98F3C005DD359 /* LaunchScreen.storyboard */,
				5EC39A6022F98F3C005DD359 /* Info.plist */,
			);
			path = "Supporting Files";
			sourceTree = "<group>";
		};
		5EDE35E924BE70C300F4CB53 /* 0001-0100 */ = {
			isa = PBXGroup;
			children = (
				5EC39A7522F98F89005DD359 /* E_001_TwoSum.swift */,
				5E3C653722FC417300392CB5 /* E_007_ReverseInteger.swift */,
				5E51C10022FCFF50006C5B1B /* E_013_RomanToInt.swift */,
				5EC64E2522FD23820063ED6F /* E_014_LongestCommonPrefix.swift */,
				5E3D9522230197160090DB06 /* E_020_BracketsisValid.swift */,
				5E3D9526230257560090DB06 /* E_021_MergeTwoLists.swift */,
				5E3D952823026A170090DB06 /* E_026_RemoveDuplicates.swift */,
				5E93D3052BA8333300AE427B /* E_027_RemoveElement.swift */,
				419B29752303735A008EB8E4 /* E_069_SquareOfX.swift */,
				5E3D953F2303947B0090DB06 /* E_070_ClimbStairs.swift */,
				5E3D95532304EC550090DB06 /* E_066_PlusOne.swift */,
				5E3D95562304F8460090DB06 /* E_088_MergeTowArray.swift */,
				5E93D30C2BAAC3BE00AE427B /* E_059_GenerateMatrix.swift */,
			);
			path = "0001-0100";
			sourceTree = "<group>";
		};
		5EDE35EA24BE70D100F4CB53 /* 0101-0200 */ = {
			isa = PBXGroup;
			children = (
				5E3D9558230502CB0090DB06 /* E_104_TreeMaxDepth.swift */,
				5E20EE9824BE4DE900E725A6 /* M_120_TriangleMinimumTotal.swift */,
				5E076F1F230F4548002FF51C /* E_125_IsPalindrome.swift */,
				5EA7792D23140D3B00717BF6 /* E_136_SingleNumber.swift */,
				5EA7792F23140F6700717BF6 /* E_198_Rob.swift */,
				5E85F9052BBD5F8200383379 /* M_024_SwapPairs.swift */,
			);
			path = "0101-0200";
			sourceTree = "<group>";
		};
		5EDE35EB24BE70FF00F4CB53 /* 0201-0300 */ = {
			isa = PBXGroup;
			children = (
				5EA7792B2314056200717BF6 /* E_202_HappyNumber.swift */,
				5E85F9002BBBCA2D00383379 /* E_203_RemoveElements.swift */,
				5E076F21230F5366002FF51C /* E_206_ReverseList.swift */,
				5EF77432230C138400EFCE2C /* E_283_MoveZeroes.swift */,
				5EF77434230C1FCE00EFCE2C /* E_268_MissingNumber.swift */,
				5EF77436230C2E2400EFCE2C /* E_242_IsAnagram.swift */,
				5E076F23230F5CE1002FF51C /* E_237_DeleteListNode.swift */,
				5E93D30A2BAAB73700AE427B /* E_209_MinSubArray.swift */,
			);
			path = "0201-0300";
			sourceTree = "<group>";
		};
		5EDE35EC24BE710D00F4CB53 /* 0301-0400 */ = {
			isa = PBXGroup;
			children = (
				5E076F25230F5E79002FF51C /* E_344_ReverseString.swift */,
			);
			path = "0301-0400";
			sourceTree = "<group>";
		};
		5EDE35ED24BE713300F4CB53 /* 0401-0500 */ = {
			isa = PBXGroup;
			children = (
			);
			path = "0401-0500";
			sourceTree = "<group>";
		};
		5EDE35EE24BE713F00F4CB53 /* 0501-0600 */ = {
			isa = PBXGroup;
			children = (
			);
			path = "0501-0600";
			sourceTree = "<group>";
		};
		5EDE35EF24BE714700F4CB53 /* 0601-0700 */ = {
			isa = PBXGroup;
			children = (
			);
			path = "0601-0700";
			sourceTree = "<group>";
		};
/* End PBXGroup section */

/* Begin PBXNativeTarget section */
		5EC39A4E22F98F3B005DD359 /* LeetCodeSwift */ = {
			isa = PBXNativeTarget;
			buildConfigurationList = 5EC39A6E22F98F3C005DD359 /* Build configuration list for PBXNativeTarget "LeetCodeSwift" */;
			buildPhases = (
				5EC39A4B22F98F3B005DD359 /* Sources */,
				5EC39A4C22F98F3B005DD359 /* Frameworks */,
				5EC39A4D22F98F3B005DD359 /* Resources */,
			);
			buildRules = (
			);
			dependencies = (
			);
			name = LeetCodeSwift;
			productName = LeetCodeSwift;
			productReference = 5EC39A4F22F98F3B005DD359 /* LeetCodeSwift.app */;
			productType = "com.apple.product-type.application";
		};
		5EC39A6422F98F3C005DD359 /* LeetCodeSwiftTests */ = {
			isa = PBXNativeTarget;
			buildConfigurationList = 5EC39A7122F98F3C005DD359 /* Build configuration list for PBXNativeTarget "LeetCodeSwiftTests" */;
			buildPhases = (
				5EC39A6122F98F3C005DD359 /* Sources */,
				5EC39A6222F98F3C005DD359 /* Frameworks */,
				5EC39A6322F98F3C005DD359 /* Resources */,
			);
			buildRules = (
			);
			dependencies = (
				5EC39A6722F98F3C005DD359 /* PBXTargetDependency */,
			);
			name = LeetCodeSwiftTests;
			productName = LeetCodeSwiftTests;
			productReference = 5EC39A6522F98F3C005DD359 /* LeetCodeSwiftTests.xctest */;
			productType = "com.apple.product-type.bundle.unit-test";
		};
/* End PBXNativeTarget section */

/* Begin PBXProject section */
		5EC39A4722F98F3B005DD359 /* Project object */ = {
			isa = PBXProject;
			attributes = {
				LastSwiftUpdateCheck = 1030;
				LastUpgradeCheck = 1200;
				ORGANIZATIONNAME = LuCi;
				TargetAttributes = {
					5EC39A4E22F98F3B005DD359 = {
						CreatedOnToolsVersion = 10.3;
					};
					5EC39A6422F98F3C005DD359 = {
						CreatedOnToolsVersion = 10.3;
						TestTargetID = 5EC39A4E22F98F3B005DD359;
					};
				};
			};
			buildConfigurationList = 5EC39A4A22F98F3B005DD359 /* Build configuration list for PBXProject "LeetCodeSwift" */;
			compatibilityVersion = "Xcode 9.3";
			developmentRegion = en;
			hasScannedForEncodings = 0;
			knownRegions = (
				en,
				Base,
			);
			mainGroup = 5EC39A4622F98F3B005DD359;
			productRefGroup = 5EC39A5022F98F3B005DD359 /* Products */;
			projectDirPath = "";
			projectRoot = "";
			targets = (
				5EC39A4E22F98F3B005DD359 /* LeetCodeSwift */,
				5EC39A6422F98F3C005DD359 /* LeetCodeSwiftTests */,
			);
		};
/* End PBXProject section */

/* Begin PBXResourcesBuildPhase section */
		5EC39A4D22F98F3B005DD359 /* Resources */ = {
			isa = PBXResourcesBuildPhase;
			buildActionMask = 2147483647;
			files = (
				5EC39A5F22F98F3C005DD359 /* LaunchScreen.storyboard in Resources */,
				5EC39A5C22F98F3C005DD359 /* Assets.xcassets in Resources */,
				5EC39A5A22F98F3B005DD359 /* Main.storyboard in Resources */,
			);
			runOnlyForDeploymentPostprocessing = 0;
		};
		5EC39A6322F98F3C005DD359 /* Resources */ = {
			isa = PBXResourcesBuildPhase;
			buildActionMask = 2147483647;
			files = (
			);
			runOnlyForDeploymentPostprocessing = 0;
		};
/* End PBXResourcesBuildPhase section */

/* Begin PBXSourcesBuildPhase section */
		5EC39A4B22F98F3B005DD359 /* Sources */ = {
			isa = PBXSourcesBuildPhase;
			buildActionMask = 2147483647;
			files = (
				5EC39A5722F98F3B005DD359 /* SecondViewController.swift in Sources */,
				5EF77437230C2E2400EFCE2C /* E_242_IsAnagram.swift in Sources */,
				5EA7792C2314056200717BF6 /* E_202_HappyNumber.swift in Sources */,
				5E076F24230F5CE1002FF51C /* E_237_DeleteListNode.swift in Sources */,
				5EC39A5322F98F3B005DD359 /* AppDelegate.swift in Sources */,
				5EA7792E23140D3B00717BF6 /* E_136_SingleNumber.swift in Sources */,
				5EF77433230C138400EFCE2C /* E_283_MoveZeroes.swift in Sources */,
				5E3D955B230502FD0090DB06 /* TreeNode.swift in Sources */,
				5E3D9525230257040090DB06 /* ListNode.swift in Sources */,
				5E076F20230F4548002FF51C /* E_125_IsPalindrome.swift in Sources */,
				5EC39A7622F98F89005DD359 /* E_001_TwoSum.swift in Sources */,
				5E93D3062BA8333300AE427B /* E_027_RemoveElement.swift in Sources */,
				5E3D9523230197160090DB06 /* E_020_BracketsisValid.swift in Sources */,
				5E3D952923026A170090DB06 /* E_026_RemoveDuplicates.swift in Sources */,
				5EC64E2622FD23820063ED6F /* E_014_LongestCommonPrefix.swift in Sources */,
				5E3C653822FC417300392CB5 /* E_007_ReverseInteger.swift in Sources */,
				5E3D9559230502CB0090DB06 /* E_104_TreeMaxDepth.swift in Sources */,
				5E85F9042BBBE1CC00383379 /* M_707_MyLinkedList.swift in Sources */,
				5E85F9012BBBCA2D00383379 /* E_203_RemoveElements.swift in Sources */,
				5EA7793023140F6700717BF6 /* E_198_Rob.swift in Sources */,
				5E3D9527230257560090DB06 /* E_021_MergeTwoLists.swift in Sources */,
				5E51C10122FCFF50006C5B1B /* E_013_RomanToInt.swift in Sources */,
				5E3D95572304F8460090DB06 /* E_088_MergeTowArray.swift in Sources */,
				5E85F9062BBD5F8200383379 /* M_024_SwapPairs.swift in Sources */,
				5E076F26230F5E79002FF51C /* E_344_ReverseString.swift in Sources */,
				5E93D30D2BAAC3BF00AE427B /* E_059_GenerateMatrix.swift in Sources */,
				5E3D95402303947B0090DB06 /* E_070_ClimbStairs.swift in Sources */,
				5E93D30B2BAAB73700AE427B /* E_209_MinSubArray.swift in Sources */,
				5EF77435230C1FCE00EFCE2C /* E_268_MissingNumber.swift in Sources */,
				5EC39A5522F98F3B005DD359 /* FirstViewController.swift in Sources */,
				5E3D95542304EC550090DB06 /* E_066_PlusOne.swift in Sources */,
				5E20EE9924BE4DE900E725A6 /* M_120_TriangleMinimumTotal.swift in Sources */,
				5E93D3092BA9871500AE427B /* E_977_SortedSquares.swift in Sources */,
				5E076F22230F5367002FF51C /* E_206_ReverseList.swift in Sources */,
				419B29762303735A008EB8E4 /* E_069_SquareOfX.swift in Sources */,
			);
			runOnlyForDeploymentPostprocessing = 0;
		};
		5EC39A6122F98F3C005DD359 /* Sources */ = {
			isa = PBXSourcesBuildPhase;
			buildActionMask = 2147483647;
			files = (
				5EC39A6A22F98F3C005DD359 /* LeetCodeSwiftTests.swift in Sources */,
				5E20EE9B24BE51E700E725A6 /* Test_91_120.swift in Sources */,
			);
			runOnlyForDeploymentPostprocessing = 0;
		};
/* End PBXSourcesBuildPhase section */

/* Begin PBXTargetDependency section */
		5EC39A6722F98F3C005DD359 /* PBXTargetDependency */ = {
			isa = PBXTargetDependency;
			target = 5EC39A4E22F98F3B005DD359 /* LeetCodeSwift */;
			targetProxy = 5EC39A6622F98F3C005DD359 /* PBXContainerItemProxy */;
		};
/* End PBXTargetDependency section */

/* Begin PBXVariantGroup section */
		5EC39A5822F98F3B005DD359 /* Main.storyboard */ = {
			isa = PBXVariantGroup;
			children = (
				5EC39A5922F98F3B005DD359 /* Base */,
			);
			name = Main.storyboard;
			sourceTree = "<group>";
		};
		5EC39A5D22F98F3C005DD359 /* LaunchScreen.storyboard */ = {
			isa = PBXVariantGroup;
			children = (
				5EC39A5E22F98F3C005DD359 /* Base */,
			);
			name = LaunchScreen.storyboard;
			sourceTree = "<group>";
		};
/* End PBXVariantGroup section */

/* Begin XCBuildConfiguration section */
		5EC39A6C22F98F3C005DD359 /* Debug */ = {
			isa = XCBuildConfiguration;
			buildSettings = {
				ALWAYS_SEARCH_USER_PATHS = NO;
				CLANG_ANALYZER_NONNULL = YES;
				CLANG_ANALYZER_NUMBER_OBJECT_CONVERSION = YES_AGGRESSIVE;
				CLANG_CXX_LANGUAGE_STANDARD = "gnu++14";
				CLANG_CXX_LIBRARY = "libc++";
				CLANG_ENABLE_MODULES = YES;
				CLANG_ENABLE_OBJC_ARC = YES;
				CLANG_ENABLE_OBJC_WEAK = YES;
				CLANG_WARN_BLOCK_CAPTURE_AUTORELEASING = YES;
				CLANG_WARN_BOOL_CONVERSION = YES;
				CLANG_WARN_COMMA = YES;
				CLANG_WARN_CONSTANT_CONVERSION = YES;
				CLANG_WARN_DEPRECATED_OBJC_IMPLEMENTATIONS = YES;
				CLANG_WARN_DIRECT_OBJC_ISA_USAGE = YES_ERROR;
				CLANG_WARN_DOCUMENTATION_COMMENTS = YES;
				CLANG_WARN_EMPTY_BODY = YES;
				CLANG_WARN_ENUM_CONVERSION = YES;
				CLANG_WARN_INFINITE_RECURSION = YES;
				CLANG_WARN_INT_CONVERSION = YES;
				CLANG_WARN_NON_LITERAL_NULL_CONVERSION = YES;
				CLANG_WARN_OBJC_IMPLICIT_RETAIN_SELF = YES;
				CLANG_WARN_OBJC_LITERAL_CONVERSION = YES;
				CLANG_WARN_OBJC_ROOT_CLASS = YES_ERROR;
				CLANG_WARN_QUOTED_INCLUDE_IN_FRAMEWORK_HEADER = YES;
				CLANG_WARN_RANGE_LOOP_ANALYSIS = YES;
				CLANG_WARN_STRICT_PROTOTYPES = YES;
				CLANG_WARN_SUSPICIOUS_MOVE = YES;
				CLANG_WARN_UNGUARDED_AVAILABILITY = YES_AGGRESSIVE;
				CLANG_WARN_UNREACHABLE_CODE = YES;
				CLANG_WARN__DUPLICATE_METHOD_MATCH = YES;
				CODE_SIGN_IDENTITY = "iPhone Developer";
				COPY_PHASE_STRIP = NO;
				DEBUG_INFORMATION_FORMAT = dwarf;
				ENABLE_STRICT_OBJC_MSGSEND = YES;
				ENABLE_TESTABILITY = YES;
				GCC_C_LANGUAGE_STANDARD = gnu11;
				GCC_DYNAMIC_NO_PIC = NO;
				GCC_NO_COMMON_BLOCKS = YES;
				GCC_OPTIMIZATION_LEVEL = 0;
				GCC_PREPROCESSOR_DEFINITIONS = (
					"DEBUG=1",
					"$(inherited)",
				);
				GCC_WARN_64_TO_32_BIT_CONVERSION = YES;
				GCC_WARN_ABOUT_RETURN_TYPE = YES_ERROR;
				GCC_WARN_UNDECLARED_SELECTOR = YES;
				GCC_WARN_UNINITIALIZED_AUTOS = YES_AGGRESSIVE;
				GCC_WARN_UNUSED_FUNCTION = YES;
				GCC_WARN_UNUSED_VARIABLE = YES;
				IPHONEOS_DEPLOYMENT_TARGET = 12.4;
				MTL_ENABLE_DEBUG_INFO = INCLUDE_SOURCE;
				MTL_FAST_MATH = YES;
				ONLY_ACTIVE_ARCH = YES;
				SDKROOT = iphoneos;
				SWIFT_ACTIVE_COMPILATION_CONDITIONS = DEBUG;
				SWIFT_OPTIMIZATION_LEVEL = "-Onone";
			};
			name = Debug;
		};
		5EC39A6D22F98F3C005DD359 /* Release */ = {
			isa = XCBuildConfiguration;
			buildSettings = {
				ALWAYS_SEARCH_USER_PATHS = NO;
				CLANG_ANALYZER_NONNULL = YES;
				CLANG_ANALYZER_NUMBER_OBJECT_CONVERSION = YES_AGGRESSIVE;
				CLANG_CXX_LANGUAGE_STANDARD = "gnu++14";
				CLANG_CXX_LIBRARY = "libc++";
				CLANG_ENABLE_MODULES = YES;
				CLANG_ENABLE_OBJC_ARC = YES;
				CLANG_ENABLE_OBJC_WEAK = YES;
				CLANG_WARN_BLOCK_CAPTURE_AUTORELEASING = YES;
				CLANG_WARN_BOOL_CONVERSION = YES;
				CLANG_WARN_COMMA = YES;
				CLANG_WARN_CONSTANT_CONVERSION = YES;
				CLANG_WARN_DEPRECATED_OBJC_IMPLEMENTATIONS = YES;
				CLANG_WARN_DIRECT_OBJC_ISA_USAGE = YES_ERROR;
				CLANG_WARN_DOCUMENTATION_COMMENTS = YES;
				CLANG_WARN_EMPTY_BODY = YES;
				CLANG_WARN_ENUM_CONVERSION = YES;
				CLANG_WARN_INFINITE_RECURSION = YES;
				CLANG_WARN_INT_CONVERSION = YES;
				CLANG_WARN_NON_LITERAL_NULL_CONVERSION = YES;
				CLANG_WARN_OBJC_IMPLICIT_RETAIN_SELF = YES;
				CLANG_WARN_OBJC_LITERAL_CONVERSION = YES;
				CLANG_WARN_OBJC_ROOT_CLASS = YES_ERROR;
				CLANG_WARN_QUOTED_INCLUDE_IN_FRAMEWORK_HEADER = YES;
				CLANG_WARN_RANGE_LOOP_ANALYSIS = YES;
				CLANG_WARN_STRICT_PROTOTYPES = YES;
				CLANG_WARN_SUSPICIOUS_MOVE = YES;
				CLANG_WARN_UNGUARDED_AVAILABILITY = YES_AGGRESSIVE;
				CLANG_WARN_UNREACHABLE_CODE = YES;
				CLANG_WARN__DUPLICATE_METHOD_MATCH = YES;
				CODE_SIGN_IDENTITY = "iPhone Developer";
				COPY_PHASE_STRIP = NO;
				DEBUG_INFORMATION_FORMAT = "dwarf-with-dsym";
				ENABLE_NS_ASSERTIONS = NO;
				ENABLE_STRICT_OBJC_MSGSEND = YES;
				GCC_C_LANGUAGE_STANDARD = gnu11;
				GCC_NO_COMMON_BLOCKS = YES;
				GCC_WARN_64_TO_32_BIT_CONVERSION = YES;
				GCC_WARN_ABOUT_RETURN_TYPE = YES_ERROR;
				GCC_WARN_UNDECLARED_SELECTOR = YES;
				GCC_WARN_UNINITIALIZED_AUTOS = YES_AGGRESSIVE;
				GCC_WARN_UNUSED_FUNCTION = YES;
				GCC_WARN_UNUSED_VARIABLE = YES;
				IPHONEOS_DEPLOYMENT_TARGET = 12.4;
				MTL_ENABLE_DEBUG_INFO = NO;
				MTL_FAST_MATH = YES;
				SDKROOT = iphoneos;
				SWIFT_COMPILATION_MODE = wholemodule;
				SWIFT_OPTIMIZATION_LEVEL = "-O";
				VALIDATE_PRODUCT = YES;
			};
			name = Release;
		};
		5EC39A6F22F98F3C005DD359 /* Debug */ = {
			isa = XCBuildConfiguration;
			buildSettings = {
				ASSETCATALOG_COMPILER_APPICON_NAME = AppIcon;
				CODE_SIGN_STYLE = Automatic;
				DEVELOPMENT_TEAM = 69XHTLCF36;
				INFOPLIST_FILE = "$(SRCROOT)/LeetCodeSwift/Supporting Files/Info.plist";
				IPHONEOS_DEPLOYMENT_TARGET = 17.0;
				LD_RUNPATH_SEARCH_PATHS = (
					"$(inherited)",
					"@executable_path/Frameworks",
				);
				PRODUCT_BUNDLE_IDENTIFIER = com.luci.LeetCodeSwift;
				PRODUCT_NAME = "$(TARGET_NAME)";
				SWIFT_VERSION = 5.0;
				TARGETED_DEVICE_FAMILY = "1,2";
			};
			name = Debug;
		};
		5EC39A7022F98F3C005DD359 /* Release */ = {
			isa = XCBuildConfiguration;
			buildSettings = {
				ASSETCATALOG_COMPILER_APPICON_NAME = AppIcon;
				CODE_SIGN_STYLE = Automatic;
				DEVELOPMENT_TEAM = 69XHTLCF36;
				INFOPLIST_FILE = "$(SRCROOT)/LeetCodeSwift/Supporting Files/Info.plist";
				IPHONEOS_DEPLOYMENT_TARGET = 17.0;
				LD_RUNPATH_SEARCH_PATHS = (
					"$(inherited)",
					"@executable_path/Frameworks",
				);
				PRODUCT_BUNDLE_IDENTIFIER = com.luci.LeetCodeSwift;
				PRODUCT_NAME = "$(TARGET_NAME)";
				SWIFT_VERSION = 5.0;
				TARGETED_DEVICE_FAMILY = "1,2";
			};
			name = Release;
		};
		5EC39A7222F98F3C005DD359 /* Debug */ = {
			isa = XCBuildConfiguration;
			buildSettings = {
				ALWAYS_EMBED_SWIFT_STANDARD_LIBRARIES = YES;
				BUNDLE_LOADER = "$(TEST_HOST)";
				CODE_SIGN_STYLE = Automatic;
				DEVELOPMENT_TEAM = 69XHTLCF36;
				INFOPLIST_FILE = LeetCodeSwiftTests/Info.plist;
				IPHONEOS_DEPLOYMENT_TARGET = 17.0;
				LD_RUNPATH_SEARCH_PATHS = (
					"$(inherited)",
					"@executable_path/Frameworks",
					"@loader_path/Frameworks",
				);
				PRODUCT_BUNDLE_IDENTIFIER = com.luci.LeetCodeSwiftTests;
				PRODUCT_NAME = "$(TARGET_NAME)";
				SWIFT_VERSION = 5.0;
				TARGETED_DEVICE_FAMILY = "1,2";
				TEST_HOST = "$(BUILT_PRODUCTS_DIR)/LeetCodeSwift.app/LeetCodeSwift";
			};
			name = Debug;
		};
		5EC39A7322F98F3C005DD359 /* Release */ = {
			isa = XCBuildConfiguration;
			buildSettings = {
				ALWAYS_EMBED_SWIFT_STANDARD_LIBRARIES = YES;
				BUNDLE_LOADER = "$(TEST_HOST)";
				CODE_SIGN_STYLE = Automatic;
				DEVELOPMENT_TEAM = 69XHTLCF36;
				INFOPLIST_FILE = LeetCodeSwiftTests/Info.plist;
				IPHONEOS_DEPLOYMENT_TARGET = 17.0;
				LD_RUNPATH_SEARCH_PATHS = (
					"$(inherited)",
					"@executable_path/Frameworks",
					"@loader_path/Frameworks",
				);
				PRODUCT_BUNDLE_IDENTIFIER = com.luci.LeetCodeSwiftTests;
				PRODUCT_NAME = "$(TARGET_NAME)";
				SWIFT_VERSION = 5.0;
				TARGETED_DEVICE_FAMILY = "1,2";
				TEST_HOST = "$(BUILT_PRODUCTS_DIR)/LeetCodeSwift.app/LeetCodeSwift";
			};
			name = Release;
		};
/* End XCBuildConfiguration section */

/* Begin XCConfigurationList section */
		5EC39A4A22F98F3B005DD359 /* Build configuration list for PBXProject "LeetCodeSwift" */ = {
			isa = XCConfigurationList;
			buildConfigurations = (
				5EC39A6C22F98F3C005DD359 /* Debug */,
				5EC39A6D22F98F3C005DD359 /* Release */,
			);
			defaultConfigurationIsVisible = 0;
			defaultConfigurationName = Release;
		};
		5EC39A6E22F98F3C005DD359 /* Build configuration list for PBXNativeTarget "LeetCodeSwift" */ = {
			isa = XCConfigurationList;
			buildConfigurations = (
				5EC39A6F22F98F3C005DD359 /* Debug */,
				5EC39A7022F98F3C005DD359 /* Release */,
			);
			defaultConfigurationIsVisible = 0;
			defaultConfigurationName = Release;
		};
		5EC39A7122F98F3C005DD359 /* Build configuration list for PBXNativeTarget "LeetCodeSwiftTests" */ = {
			isa = XCConfigurationList;
			buildConfigurations = (
				5EC39A7222F98F3C005DD359 /* Debug */,
				5EC39A7322F98F3C005DD359 /* Release */,
			);
			defaultConfigurationIsVisible = 0;
			defaultConfigurationName = Release;
		};
/* End XCConfigurationList section */
	};
	rootObject = 5EC39A4722F98F3B005DD359 /* Project object */;
}
