// !$*UTF8*$!
{
	archiveVersion = 1;
	classes = {
	};
	objectVersion = 46;
	objects = {

/* Begin PBXBuildFile section */
		5E4443A91D07F22400D29D33 /* main.m in Sources */ = {isa = PBXBuildFile; fileRef = 5E4443A81D07F22400D29D33 /* main.m */; };
		5E4443AC1D07F22400D29D33 /* AppDelegate.m in Sources */ = {isa = PBXBuildFile; fileRef = 5E4443AB1D07F22400D29D33 /* AppDelegate.m */; };
		5E4443AF1D07F22400D29D33 /* ViewController.m in Sources */ = {isa = PBXBuildFile; fileRef = 5E4443AE1D07F22400D29D33 /* ViewController.m */; };
		5E4443B21D07F22400D29D33 /* Main.storyboard in Resources */ = {isa = PBXBuildFile; fileRef = 5E4443B01D07F22400D29D33 /* Main.storyboard */; };
		5E4443B41D07F22400D29D33 /* Assets.xcassets in Resources */ = {isa = PBXBuildFile; fileRef = 5E4443B31D07F22400D29D33 /* Assets.xcassets */; };
		5E4443B71D07F22400D29D33 /* LaunchScreen.storyboard in Resources */ = {isa = PBXBuildFile; fileRef = 5E4443B51D07F22400D29D33 /* LaunchScreen.storyboard */; };
/* End PBXBuildFile section */

/* Begin PBXFileReference section */
		5E4443A41D07F22400D29D33 /* ObjcRuntimeDemo.app */ = {isa = PBXFileReference; explicitFileType = wrapper.application; includeInIndex = 0; path = ObjcRuntimeDemo.app; sourceTree = BUILT_PRODUCTS_DIR; };
		5E4443A81D07F22400D29D33 /* main.m */ = {isa = PBXFileReference; lastKnownFileType = sourcecode.c.objc; path = main.m; sourceTree = "<group>"; };
		5E4443AA1D07F22400D29D33 /* AppDelegate.h */ = {isa = PBXFileReference; lastKnownFileType = sourcecode.c.h; path = AppDelegate.h; sourceTree = "<group>"; };
		5E4443AB1D07F22400D29D33 /* AppDelegate.m */ = {isa = PBXFileReference; lastKnownFileType = sourcecode.c.objc; path = AppDelegate.m; sourceTree = "<group>"; };
		5E4443AD1D07F22400D29D33 /* ViewController.h */ = {isa = PBXFileReference; lastKnownFileType = sourcecode.c.h; path = ViewController.h; sourceTree = "<group>"; };
		5E4443AE1D07F22400D29D33 /* ViewController.m */ = {isa = PBXFileReference; lastKnownFileType = sourcecode.c.objc; path = ViewController.m; sourceTree = "<group>"; };
		5E4443B11D07F22400D29D33 /* Base */ = {isa = PBXFileReference; lastKnownFileType = file.storyboard; name = Base; path = Base.lproj/Main.storyboard; sourceTree = "<group>"; };
		5E4443B31D07F22400D29D33 /* Assets.xcassets */ = {isa = PBXFileReference; lastKnownFileType = folder.assetcatalog; path = Assets.xcassets; sourceTree = "<group>"; };
		5E4443B61D07F22400D29D33 /* Base */ = {isa = PBXFileReference; lastKnownFileType = file.storyboard; name = Base; path = Base.lproj/LaunchScreen.storyboard; sourceTree = "<group>"; };
		5E4443B81D07F22400D29D33 /* Info.plist */ = {isa = PBXFileReference; lastKnownFileType = text.plist.xml; path = Info.plist; sourceTree = "<group>"; };
/* End PBXFileReference section */

/* Begin PBXFrameworksBuildPhase section */
		5E4443A11D07F22400D29D33 /* Frameworks */ = {
			isa = PBXFrameworksBuildPhase;
			buildActionMask = 2147483647;
			files = (
			);
			runOnlyForDeploymentPostprocessing = 0;
		};
/* End PBXFrameworksBuildPhase section */

/* Begin PBXGroup section */
		5E44439B1D07F22400D29D33 = {
			isa = PBXGroup;
			children = (
				5E4443A61D07F22400D29D33 /* ObjcRuntimeDemo */,
				5E4443A51D07F22400D29D33 /* Products */,
			);
			sourceTree = "<group>";
		};
		5E4443A51D07F22400D29D33 /* Products */ = {
			isa = PBXGroup;
			children = (
				5E4443A41D07F22400D29D33 /* ObjcRuntimeDemo.app */,
			);
			name = Products;
			sourceTree = "<group>";
		};
		5E4443A61D07F22400D29D33 /* ObjcRuntimeDemo */ = {
			isa = PBXGroup;
			children = (
				5E4443AA1D07F22400D29D33 /* AppDelegate.h */,
				5E4443AB1D07F22400D29D33 /* AppDelegate.m */,
				5E4443AD1D07F22400D29D33 /* ViewController.h */,
				5E4443AE1D07F22400D29D33 /* ViewController.m */,
				5E4443B01D07F22400D29D33 /* Main.storyboard */,
				5E4443B31D07F22400D29D33 /* Assets.xcassets */,
				5E4443B51D07F22400D29D33 /* LaunchScreen.storyboard */,
				5E4443B81D07F22400D29D33 /* Info.plist */,
				5E4443A71D07F22400D29D33 /* Supporting Files */,
			);
			path = ObjcRuntimeDemo;
			sourceTree = "<group>";
		};
		5E4443A71D07F22400D29D33 /* Supporting Files */ = {
			isa = PBXGroup;
			children = (
				5E4443A81D07F22400D29D33 /* main.m */,
			);
			name = "Supporting Files";
			sourceTree = "<group>";
		};
/* End PBXGroup section */

/* Begin PBXNativeTarget section */
		5E4443A31D07F22400D29D33 /* ObjcRuntimeDemo */ = {
			isa = PBXNativeTarget;
			buildConfigurationList = 5E4443BB1D07F22400D29D33 /* Build configuration list for PBXNativeTarget "ObjcRuntimeDemo" */;
			buildPhases = (
				5E4443A01D07F22400D29D33 /* Sources */,
				5E4443A11D07F22400D29D33 /* Frameworks */,
				5E4443A21D07F22400D29D33 /* Resources */,
			);
			buildRules = (
			);
			dependencies = (
			);
			name = ObjcRuntimeDemo;
			productName = ObjcRuntimeDemo;
			productReference = 5E4443A41D07F22400D29D33 /* ObjcRuntimeDemo.app */;
			productType = "com.apple.product-type.application";
		};
/* End PBXNativeTarget section */

/* Begin PBXProject section */
		5E44439C1D07F22400D29D33 /* Project object */ = {
			isa = PBXProject;
			attributes = {
				LastUpgradeCheck = 0730;
				ORGANIZATIONNAME = "Beijing Jingdong Century Trading Co., Ltd";
				TargetAttributes = {
					5E4443A31D07F22400D29D33 = {
						CreatedOnToolsVersion = 7.3;
					};
				};
			};
			buildConfigurationList = 5E44439F1D07F22400D29D33 /* Build configuration list for PBXProject "ObjcRuntimeDemo" */;
			compatibilityVersion = "Xcode 3.2";
			developmentRegion = English;
			hasScannedForEncodings = 0;
			knownRegions = (
				en,
				Base,
			);
			mainGroup = 5E44439B1D07F22400D29D33;
			productRefGroup = 5E4443A51D07F22400D29D33 /* Products */;
			projectDirPath = "";
			projectRoot = "";
			targets = (
				5E4443A31D07F22400D29D33 /* ObjcRuntimeDemo */,
			);
		};
/* End PBXProject section */

/* Begin PBXResourcesBuildPhase section */
		5E4443A21D07F22400D29D33 /* Resources */ = {
			isa = PBXResourcesBuildPhase;
			buildActionMask = 2147483647;
			files = (
				5E4443B71D07F22400D29D33 /* LaunchScreen.storyboard in Resources */,
				5E4443B41D07F22400D29D33 /* Assets.xcassets in Resources */,
				5E4443B21D07F22400D29D33 /* Main.storyboard in Resources */,
			);
			runOnlyForDeploymentPostprocessing = 0;
		};
/* End PBXResourcesBuildPhase section */

/* Begin PBXSourcesBuildPhase section */
		5E4443A01D07F22400D29D33 /* Sources */ = {
			isa = PBXSourcesBuildPhase;
			buildActionMask = 2147483647;
			files = (
				5E4443AF1D07F22400D29D33 /* ViewController.m in Sources */,
				5E4443AC1D07F22400D29D33 /* AppDelegate.m in Sources */,
				5E4443A91D07F22400D29D33 /* main.m in Sources */,
			);
			runOnlyForDeploymentPostprocessing = 0;
		};
/* End PBXSourcesBuildPhase section */

/* Begin PBXVariantGroup section */
		5E4443B01D07F22400D29D33 /* Main.storyboard */ = {
			isa = PBXVariantGroup;
			children = (
				5E4443B11D07F22400D29D33 /* Base */,
			);
			name = Main.storyboard;
			sourceTree = "<group>";
		};
		5E4443B51D07F22400D29D33 /* LaunchScreen.storyboard */ = {
			isa = PBXVariantGroup;
			children = (
				5E4443B61D07F22400D29D33 /* Base */,
			);
			name = LaunchScreen.storyboard;
			sourceTree = "<group>";
		};
/* End PBXVariantGroup section */

/* Begin XCBuildConfiguration section */
		5E4443B91D07F22400D29D33 /* Debug */ = {
			isa = XCBuildConfiguration;
			buildSettings = {
				ALWAYS_SEARCH_USER_PATHS = NO;
				CLANG_ANALYZER_NONNULL = YES;
				CLANG_CXX_LANGUAGE_STANDARD = "gnu++0x";
				CLANG_CXX_LIBRARY = "libc++";
				CLANG_ENABLE_MODULES = YES;
				CLANG_ENABLE_OBJC_ARC = YES;
				CLANG_WARN_BOOL_CONVERSION = YES;
				CLANG_WARN_CONSTANT_CONVERSION = YES;
				CLANG_WARN_DIRECT_OBJC_ISA_USAGE = YES_ERROR;
				CLANG_WARN_EMPTY_BODY = YES;
				CLANG_WARN_ENUM_CONVERSION = YES;
				CLANG_WARN_INT_CONVERSION = YES;
				CLANG_WARN_OBJC_ROOT_CLASS = YES_ERROR;
				CLANG_WARN_UNREACHABLE_CODE = YES;
				CLANG_WARN__DUPLICATE_METHOD_MATCH = YES;
				"CODE_SIGN_IDENTITY[sdk=iphoneos*]" = "iPhone Developer";
				COPY_PHASE_STRIP = NO;
				DEBUG_INFORMATION_FORMAT = dwarf;
				ENABLE_STRICT_OBJC_MSGSEND = YES;
				ENABLE_TESTABILITY = YES;
				GCC_C_LANGUAGE_STANDARD = gnu99;
				GCC_DYNAMIC_NO_PIC = NO;
				GCC_NO_COMMON_BLOCKS = YES;
				GCC_OPTIMIZATION_LEVEL = 0;
				GCC_PREPROCESSOR_DEFINITIONS = (
					"DEBUG=1",
					"$(inherited)",
				);
				GCC_WARN_64_TO_32_BIT_CONVERSION = YES;
				GCC_WARN_ABOUT_RETURN_TYPE = YES_ERROR;
				GCC_WARN_UNDECLARED_SELECTOR = YES;
				GCC_WARN_UNINITIALIZED_AUTOS = YES_AGGRESSIVE;
				GCC_WARN_UNUSED_FUNCTION = YES;
				GCC_WARN_UNUSED_VARIABLE = YES;
				IPHONEOS_DEPLOYMENT_TARGET = 9.3;
				MTL_ENABLE_DEBUG_INFO = YES;
				ONLY_ACTIVE_ARCH = YES;
				SDKROOT = iphoneos;
				TARGETED_DEVICE_FAMILY = "1,2";
			};
			name = Debug;
		};
		5E4443BA1D07F22400D29D33 /* Release */ = {
			isa = XCBuildConfiguration;
			buildSettings = {
				ALWAYS_SEARCH_USER_PATHS = NO;
				CLANG_ANALYZER_NONNULL = YES;
				CLANG_CXX_LANGUAGE_STANDARD = "gnu++0x";
				CLANG_CXX_LIBRARY = "libc++";
				CLANG_ENABLE_MODULES = YES;
				CLANG_ENABLE_OBJC_ARC = YES;
				CLANG_WARN_BOOL_CONVERSION = YES;
				CLANG_WARN_CONSTANT_CONVERSION = YES;
				CLANG_WARN_DIRECT_OBJC_ISA_USAGE = YES_ERROR;
				CLANG_WARN_EMPTY_BODY = YES;
				CLANG_WARN_ENUM_CONVERSION = YES;
				CLANG_WARN_INT_CONVERSION = YES;
				CLANG_WARN_OBJC_ROOT_CLASS = YES_ERROR;
				CLANG_WARN_UNREACHABLE_CODE = YES;
				CLANG_WARN__DUPLICATE_METHOD_MATCH = YES;
				"CODE_SIGN_IDENTITY[sdk=iphoneos*]" = "iPhone Developer";
				COPY_PHASE_STRIP = NO;
				DEBUG_INFORMATION_FORMAT = "dwarf-with-dsym";
				ENABLE_NS_ASSERTIONS = NO;
				ENABLE_STRICT_OBJC_MSGSEND = YES;
				GCC_C_LANGUAGE_STANDARD = gnu99;
				GCC_NO_COMMON_BLOCKS = YES;
				GCC_WARN_64_TO_32_BIT_CONVERSION = YES;
				GCC_WARN_ABOUT_RETURN_TYPE = YES_ERROR;
				GCC_WARN_UNDECLARED_SELECTOR = YES;
				GCC_WARN_UNINITIALIZED_AUTOS = YES_AGGRESSIVE;
				GCC_WARN_UNUSED_FUNCTION = YES;
				GCC_WARN_UNUSED_VARIABLE = YES;
				IPHONEOS_DEPLOYMENT_TARGET = 9.3;
				MTL_ENABLE_DEBUG_INFO = NO;
				SDKROOT = iphoneos;
				TARGETED_DEVICE_FAMILY = "1,2";
				VALIDATE_PRODUCT = YES;
			};
			name = Release;
		};
		5E4443BC1D07F22400D29D33 /* Debug */ = {
			isa = XCBuildConfiguration;
			buildSettings = {
				ASSETCATALOG_COMPILER_APPICON_NAME = AppIcon;
				INFOPLIST_FILE = ObjcRuntimeDemo/Info.plist;
				LD_RUNPATH_SEARCH_PATHS = "$(inherited) @executable_path/Frameworks";
				PRODUCT_BUNDLE_IDENTIFIER = com.360buy..ObjcRuntimeDemo;
				PRODUCT_NAME = "$(TARGET_NAME)";
			};
			name = Debug;
		};
		5E4443BD1D07F22400D29D33 /* Release */ = {
			isa = XCBuildConfiguration;
			buildSettings = {
				ASSETCATALOG_COMPILER_APPICON_NAME = AppIcon;
				INFOPLIST_FILE = ObjcRuntimeDemo/Info.plist;
				LD_RUNPATH_SEARCH_PATHS = "$(inherited) @executable_path/Frameworks";
				PRODUCT_BUNDLE_IDENTIFIER = com.360buy..ObjcRuntimeDemo;
				PRODUCT_NAME = "$(TARGET_NAME)";
			};
			name = Release;
		};
/* End XCBuildConfiguration section */

/* Begin XCConfigurationList section */
		5E44439F1D07F22400D29D33 /* Build configuration list for PBXProject "ObjcRuntimeDemo" */ = {
			isa = XCConfigurationList;
			buildConfigurations = (
				5E4443B91D07F22400D29D33 /* Debug */,
				5E4443BA1D07F22400D29D33 /* Release */,
			);
			defaultConfigurationIsVisible = 0;
			defaultConfigurationName = Release;
		};
		5E4443BB1D07F22400D29D33 /* Build configuration list for PBXNativeTarget "ObjcRuntimeDemo" */ = {
			isa = XCConfigurationList;
			buildConfigurations = (
				5E4443BC1D07F22400D29D33 /* Debug */,
				5E4443BD1D07F22400D29D33 /* Release */,
			);
			defaultConfigurationIsVisible = 0;
		};
/* End XCConfigurationList section */
	};
	rootObject = 5E44439C1D07F22400D29D33 /* Project object */;
}
