// !$*UTF8*$!
{
	archiveVersion = 1;
	classes = {
	};
	objectVersion = 46;
	objects = {

/* Begin PBXBuildFile section */
		5EB0009B1E6CFEDE00649294 /* main.m in Sources */ = {isa = PBXBuildFile; fileRef = 5EB0009A1E6CFEDE00649294 /* main.m */; };
		5EB0009E1E6CFEDE00649294 /* AppDelegate.m in Sources */ = {isa = PBXBuildFile; fileRef = 5EB0009D1E6CFEDE00649294 /* AppDelegate.m */; };
		5EB000A11E6CFEDE00649294 /* ViewController.m in Sources */ = {isa = PBXBuildFile; fileRef = 5EB000A01E6CFEDE00649294 /* ViewController.m */; };
		5EB000A41E6CFEDE00649294 /* Main.storyboard in Resources */ = {isa = PBXBuildFile; fileRef = 5EB000A21E6CFEDE00649294 /* Main.storyboard */; };
		5EB000A61E6CFEDE00649294 /* Assets.xcassets in Resources */ = {isa = PBXBuildFile; fileRef = 5EB000A51E6CFEDE00649294 /* Assets.xcassets */; };
		5EB000A91E6CFEDE00649294 /* LaunchScreen.storyboard in Resources */ = {isa = PBXBuildFile; fileRef = 5EB000A71E6CFEDE00649294 /* LaunchScreen.storyboard */; };
		5EB000B41E6CFEDE00649294 /* NSTimerBlockTests.m in Sources */ = {isa = PBXBuildFile; fileRef = 5EB000B31E6CFEDE00649294 /* NSTimerBlockTests.m */; };
		5EB000BF1E6CFEDE00649294 /* NSTimerBlockUITests.m in Sources */ = {isa = PBXBuildFile; fileRef = 5EB000BE1E6CFEDE00649294 /* NSTimerBlockUITests.m */; };
		5EB000CE1E6CFF3600649294 /* NSTimerTest.m in Sources */ = {isa = PBXBuildFile; fileRef = 5EB000CD1E6CFF3600649294 /* NSTimerTest.m */; };
		5EB000D21E6CFF3B00649294 /* NSTimer+Block.m in Sources */ = {isa = PBXBuildFile; fileRef = 5EB000D11E6CFF3B00649294 /* NSTimer+Block.m */; };
/* End PBXBuildFile section */

/* Begin PBXContainerItemProxy section */
		5EB000B01E6CFEDE00649294 /* PBXContainerItemProxy */ = {
			isa = PBXContainerItemProxy;
			containerPortal = 5EB0008E1E6CFEDE00649294 /* Project object */;
			proxyType = 1;
			remoteGlobalIDString = 5EB000951E6CFEDE00649294;
			remoteInfo = NSTimerBlock;
		};
		5EB000BB1E6CFEDE00649294 /* PBXContainerItemProxy */ = {
			isa = PBXContainerItemProxy;
			containerPortal = 5EB0008E1E6CFEDE00649294 /* Project object */;
			proxyType = 1;
			remoteGlobalIDString = 5EB000951E6CFEDE00649294;
			remoteInfo = NSTimerBlock;
		};
/* End PBXContainerItemProxy section */

/* Begin PBXFileReference section */
		5EB000961E6CFEDE00649294 /* NSTimerBlock.app */ = {isa = PBXFileReference; explicitFileType = wrapper.application; includeInIndex = 0; path = NSTimerBlock.app; sourceTree = BUILT_PRODUCTS_DIR; };
		5EB0009A1E6CFEDE00649294 /* main.m */ = {isa = PBXFileReference; lastKnownFileType = sourcecode.c.objc; path = main.m; sourceTree = "<group>"; };
		5EB0009C1E6CFEDE00649294 /* AppDelegate.h */ = {isa = PBXFileReference; lastKnownFileType = sourcecode.c.h; path = AppDelegate.h; sourceTree = "<group>"; };
		5EB0009D1E6CFEDE00649294 /* AppDelegate.m */ = {isa = PBXFileReference; lastKnownFileType = sourcecode.c.objc; path = AppDelegate.m; sourceTree = "<group>"; };
		5EB0009F1E6CFEDE00649294 /* ViewController.h */ = {isa = PBXFileReference; lastKnownFileType = sourcecode.c.h; path = ViewController.h; sourceTree = "<group>"; };
		5EB000A01E6CFEDE00649294 /* ViewController.m */ = {isa = PBXFileReference; lastKnownFileType = sourcecode.c.objc; path = ViewController.m; sourceTree = "<group>"; };
		5EB000A31E6CFEDE00649294 /* Base */ = {isa = PBXFileReference; lastKnownFileType = file.storyboard; name = Base; path = Base.lproj/Main.storyboard; sourceTree = "<group>"; };
		5EB000A51E6CFEDE00649294 /* Assets.xcassets */ = {isa = PBXFileReference; lastKnownFileType = folder.assetcatalog; path = Assets.xcassets; sourceTree = "<group>"; };
		5EB000A81E6CFEDE00649294 /* Base */ = {isa = PBXFileReference; lastKnownFileType = file.storyboard; name = Base; path = Base.lproj/LaunchScreen.storyboard; sourceTree = "<group>"; };
		5EB000AA1E6CFEDE00649294 /* Info.plist */ = {isa = PBXFileReference; lastKnownFileType = text.plist.xml; path = Info.plist; sourceTree = "<group>"; };
		5EB000AF1E6CFEDE00649294 /* NSTimerBlockTests.xctest */ = {isa = PBXFileReference; explicitFileType = wrapper.cfbundle; includeInIndex = 0; path = NSTimerBlockTests.xctest; sourceTree = BUILT_PRODUCTS_DIR; };
		5EB000B31E6CFEDE00649294 /* NSTimerBlockTests.m */ = {isa = PBXFileReference; lastKnownFileType = sourcecode.c.objc; path = NSTimerBlockTests.m; sourceTree = "<group>"; };
		5EB000B51E6CFEDE00649294 /* Info.plist */ = {isa = PBXFileReference; lastKnownFileType = text.plist.xml; path = Info.plist; sourceTree = "<group>"; };
		5EB000BA1E6CFEDE00649294 /* NSTimerBlockUITests.xctest */ = {isa = PBXFileReference; explicitFileType = wrapper.cfbundle; includeInIndex = 0; path = NSTimerBlockUITests.xctest; sourceTree = BUILT_PRODUCTS_DIR; };
		5EB000BE1E6CFEDE00649294 /* NSTimerBlockUITests.m */ = {isa = PBXFileReference; lastKnownFileType = sourcecode.c.objc; path = NSTimerBlockUITests.m; sourceTree = "<group>"; };
		5EB000C01E6CFEDE00649294 /* Info.plist */ = {isa = PBXFileReference; lastKnownFileType = text.plist.xml; path = Info.plist; sourceTree = "<group>"; };
		5EB000CC1E6CFF3600649294 /* NSTimerTest.h */ = {isa = PBXFileReference; fileEncoding = 4; lastKnownFileType = sourcecode.c.h; path = NSTimerTest.h; sourceTree = "<group>"; };
		5EB000CD1E6CFF3600649294 /* NSTimerTest.m */ = {isa = PBXFileReference; fileEncoding = 4; lastKnownFileType = sourcecode.c.objc; path = NSTimerTest.m; sourceTree = "<group>"; };
		5EB000D01E6CFF3B00649294 /* NSTimer+Block.h */ = {isa = PBXFileReference; fileEncoding = 4; lastKnownFileType = sourcecode.c.h; path = "NSTimer+Block.h"; sourceTree = "<group>"; };
		5EB000D11E6CFF3B00649294 /* NSTimer+Block.m */ = {isa = PBXFileReference; fileEncoding = 4; lastKnownFileType = sourcecode.c.objc; path = "NSTimer+Block.m"; sourceTree = "<group>"; };
/* End PBXFileReference section */

/* Begin PBXFrameworksBuildPhase section */
		5EB000931E6CFEDE00649294 /* Frameworks */ = {
			isa = PBXFrameworksBuildPhase;
			buildActionMask = 2147483647;
			files = (
			);
			runOnlyForDeploymentPostprocessing = 0;
		};
		5EB000AC1E6CFEDE00649294 /* Frameworks */ = {
			isa = PBXFrameworksBuildPhase;
			buildActionMask = 2147483647;
			files = (
			);
			runOnlyForDeploymentPostprocessing = 0;
		};
		5EB000B71E6CFEDE00649294 /* Frameworks */ = {
			isa = PBXFrameworksBuildPhase;
			buildActionMask = 2147483647;
			files = (
			);
			runOnlyForDeploymentPostprocessing = 0;
		};
/* End PBXFrameworksBuildPhase section */

/* Begin PBXGroup section */
		5EB0008D1E6CFEDE00649294 = {
			isa = PBXGroup;
			children = (
				5EB000981E6CFEDE00649294 /* NSTimerBlock */,
				5EB000B21E6CFEDE00649294 /* NSTimerBlockTests */,
				5EB000BD1E6CFEDE00649294 /* NSTimerBlockUITests */,
				5EB000971E6CFEDE00649294 /* Products */,
			);
			sourceTree = "<group>";
		};
		5EB000971E6CFEDE00649294 /* Products */ = {
			isa = PBXGroup;
			children = (
				5EB000961E6CFEDE00649294 /* NSTimerBlock.app */,
				5EB000AF1E6CFEDE00649294 /* NSTimerBlockTests.xctest */,
				5EB000BA1E6CFEDE00649294 /* NSTimerBlockUITests.xctest */,
			);
			name = Products;
			sourceTree = "<group>";
		};
		5EB000981E6CFEDE00649294 /* NSTimerBlock */ = {
			isa = PBXGroup;
			children = (
				5EB000CF1E6CFF3B00649294 /* NSTimerBlock */,
				5EB0009C1E6CFEDE00649294 /* AppDelegate.h */,
				5EB0009D1E6CFEDE00649294 /* AppDelegate.m */,
				5EB0009F1E6CFEDE00649294 /* ViewController.h */,
				5EB000A01E6CFEDE00649294 /* ViewController.m */,
				5EB000CC1E6CFF3600649294 /* NSTimerTest.h */,
				5EB000CD1E6CFF3600649294 /* NSTimerTest.m */,
				5EB000991E6CFEDE00649294 /* Supporting Files */,
			);
			path = NSTimerBlock;
			sourceTree = "<group>";
		};
		5EB000991E6CFEDE00649294 /* Supporting Files */ = {
			isa = PBXGroup;
			children = (
				5EB000AA1E6CFEDE00649294 /* Info.plist */,
				5EB000A51E6CFEDE00649294 /* Assets.xcassets */,
				5EB000A21E6CFEDE00649294 /* Main.storyboard */,
				5EB0009A1E6CFEDE00649294 /* main.m */,
				5EB000A71E6CFEDE00649294 /* LaunchScreen.storyboard */,
			);
			name = "Supporting Files";
			sourceTree = "<group>";
		};
		5EB000B21E6CFEDE00649294 /* NSTimerBlockTests */ = {
			isa = PBXGroup;
			children = (
				5EB000B31E6CFEDE00649294 /* NSTimerBlockTests.m */,
				5EB000B51E6CFEDE00649294 /* Info.plist */,
			);
			path = NSTimerBlockTests;
			sourceTree = "<group>";
		};
		5EB000BD1E6CFEDE00649294 /* NSTimerBlockUITests */ = {
			isa = PBXGroup;
			children = (
				5EB000BE1E6CFEDE00649294 /* NSTimerBlockUITests.m */,
				5EB000C01E6CFEDE00649294 /* Info.plist */,
			);
			path = NSTimerBlockUITests;
			sourceTree = "<group>";
		};
		5EB000CF1E6CFF3B00649294 /* NSTimerBlock */ = {
			isa = PBXGroup;
			children = (
				5EB000D01E6CFF3B00649294 /* NSTimer+Block.h */,
				5EB000D11E6CFF3B00649294 /* NSTimer+Block.m */,
			);
			path = NSTimerBlock;
			sourceTree = "<group>";
		};
/* End PBXGroup section */

/* Begin PBXNativeTarget section */
		5EB000951E6CFEDE00649294 /* NSTimerBlock */ = {
			isa = PBXNativeTarget;
			buildConfigurationList = 5EB000C31E6CFEDE00649294 /* Build configuration list for PBXNativeTarget "NSTimerBlock" */;
			buildPhases = (
				5EB000921E6CFEDE00649294 /* Sources */,
				5EB000931E6CFEDE00649294 /* Frameworks */,
				5EB000941E6CFEDE00649294 /* Resources */,
			);
			buildRules = (
			);
			dependencies = (
			);
			name = NSTimerBlock;
			productName = NSTimerBlock;
			productReference = 5EB000961E6CFEDE00649294 /* NSTimerBlock.app */;
			productType = "com.apple.product-type.application";
		};
		5EB000AE1E6CFEDE00649294 /* NSTimerBlockTests */ = {
			isa = PBXNativeTarget;
			buildConfigurationList = 5EB000C61E6CFEDE00649294 /* Build configuration list for PBXNativeTarget "NSTimerBlockTests" */;
			buildPhases = (
				5EB000AB1E6CFEDE00649294 /* Sources */,
				5EB000AC1E6CFEDE00649294 /* Frameworks */,
				5EB000AD1E6CFEDE00649294 /* Resources */,
			);
			buildRules = (
			);
			dependencies = (
				5EB000B11E6CFEDE00649294 /* PBXTargetDependency */,
			);
			name = NSTimerBlockTests;
			productName = NSTimerBlockTests;
			productReference = 5EB000AF1E6CFEDE00649294 /* NSTimerBlockTests.xctest */;
			productType = "com.apple.product-type.bundle.unit-test";
		};
		5EB000B91E6CFEDE00649294 /* NSTimerBlockUITests */ = {
			isa = PBXNativeTarget;
			buildConfigurationList = 5EB000C91E6CFEDE00649294 /* Build configuration list for PBXNativeTarget "NSTimerBlockUITests" */;
			buildPhases = (
				5EB000B61E6CFEDE00649294 /* Sources */,
				5EB000B71E6CFEDE00649294 /* Frameworks */,
				5EB000B81E6CFEDE00649294 /* Resources */,
			);
			buildRules = (
			);
			dependencies = (
				5EB000BC1E6CFEDE00649294 /* PBXTargetDependency */,
			);
			name = NSTimerBlockUITests;
			productName = NSTimerBlockUITests;
			productReference = 5EB000BA1E6CFEDE00649294 /* NSTimerBlockUITests.xctest */;
			productType = "com.apple.product-type.bundle.ui-testing";
		};
/* End PBXNativeTarget section */

/* Begin PBXProject section */
		5EB0008E1E6CFEDE00649294 /* Project object */ = {
			isa = PBXProject;
			attributes = {
				LastUpgradeCheck = 0820;
				ORGANIZATIONNAME = JungleSong;
				TargetAttributes = {
					5EB000951E6CFEDE00649294 = {
						CreatedOnToolsVersion = 8.2.1;
						DevelopmentTeam = 69XHTLCF36;
						ProvisioningStyle = Automatic;
					};
					5EB000AE1E6CFEDE00649294 = {
						CreatedOnToolsVersion = 8.2.1;
						DevelopmentTeam = 69XHTLCF36;
						ProvisioningStyle = Automatic;
						TestTargetID = 5EB000951E6CFEDE00649294;
					};
					5EB000B91E6CFEDE00649294 = {
						CreatedOnToolsVersion = 8.2.1;
						DevelopmentTeam = 69XHTLCF36;
						ProvisioningStyle = Automatic;
						TestTargetID = 5EB000951E6CFEDE00649294;
					};
				};
			};
			buildConfigurationList = 5EB000911E6CFEDE00649294 /* Build configuration list for PBXProject "NSTimerBlock" */;
			compatibilityVersion = "Xcode 3.2";
			developmentRegion = English;
			hasScannedForEncodings = 0;
			knownRegions = (
				en,
				Base,
			);
			mainGroup = 5EB0008D1E6CFEDE00649294;
			productRefGroup = 5EB000971E6CFEDE00649294 /* Products */;
			projectDirPath = "";
			projectRoot = "";
			targets = (
				5EB000951E6CFEDE00649294 /* NSTimerBlock */,
				5EB000AE1E6CFEDE00649294 /* NSTimerBlockTests */,
				5EB000B91E6CFEDE00649294 /* NSTimerBlockUITests */,
			);
		};
/* End PBXProject section */

/* Begin PBXResourcesBuildPhase section */
		5EB000941E6CFEDE00649294 /* Resources */ = {
			isa = PBXResourcesBuildPhase;
			buildActionMask = 2147483647;
			files = (
				5EB000A91E6CFEDE00649294 /* LaunchScreen.storyboard in Resources */,
				5EB000A61E6CFEDE00649294 /* Assets.xcassets in Resources */,
				5EB000A41E6CFEDE00649294 /* Main.storyboard in Resources */,
			);
			runOnlyForDeploymentPostprocessing = 0;
		};
		5EB000AD1E6CFEDE00649294 /* Resources */ = {
			isa = PBXResourcesBuildPhase;
			buildActionMask = 2147483647;
			files = (
			);
			runOnlyForDeploymentPostprocessing = 0;
		};
		5EB000B81E6CFEDE00649294 /* Resources */ = {
			isa = PBXResourcesBuildPhase;
			buildActionMask = 2147483647;
			files = (
			);
			runOnlyForDeploymentPostprocessing = 0;
		};
/* End PBXResourcesBuildPhase section */

/* Begin PBXSourcesBuildPhase section */
		5EB000921E6CFEDE00649294 /* Sources */ = {
			isa = PBXSourcesBuildPhase;
			buildActionMask = 2147483647;
			files = (
				5EB000A11E6CFEDE00649294 /* ViewController.m in Sources */,
				5EB000D21E6CFF3B00649294 /* NSTimer+Block.m in Sources */,
				5EB0009E1E6CFEDE00649294 /* AppDelegate.m in Sources */,
				5EB000CE1E6CFF3600649294 /* NSTimerTest.m in Sources */,
				5EB0009B1E6CFEDE00649294 /* main.m in Sources */,
			);
			runOnlyForDeploymentPostprocessing = 0;
		};
		5EB000AB1E6CFEDE00649294 /* Sources */ = {
			isa = PBXSourcesBuildPhase;
			buildActionMask = 2147483647;
			files = (
				5EB000B41E6CFEDE00649294 /* NSTimerBlockTests.m in Sources */,
			);
			runOnlyForDeploymentPostprocessing = 0;
		};
		5EB000B61E6CFEDE00649294 /* Sources */ = {
			isa = PBXSourcesBuildPhase;
			buildActionMask = 2147483647;
			files = (
				5EB000BF1E6CFEDE00649294 /* NSTimerBlockUITests.m in Sources */,
			);
			runOnlyForDeploymentPostprocessing = 0;
		};
/* End PBXSourcesBuildPhase section */

/* Begin PBXTargetDependency section */
		5EB000B11E6CFEDE00649294 /* PBXTargetDependency */ = {
			isa = PBXTargetDependency;
			target = 5EB000951E6CFEDE00649294 /* NSTimerBlock */;
			targetProxy = 5EB000B01E6CFEDE00649294 /* PBXContainerItemProxy */;
		};
		5EB000BC1E6CFEDE00649294 /* PBXTargetDependency */ = {
			isa = PBXTargetDependency;
			target = 5EB000951E6CFEDE00649294 /* NSTimerBlock */;
			targetProxy = 5EB000BB1E6CFEDE00649294 /* PBXContainerItemProxy */;
		};
/* End PBXTargetDependency section */

/* Begin PBXVariantGroup section */
		5EB000A21E6CFEDE00649294 /* Main.storyboard */ = {
			isa = PBXVariantGroup;
			children = (
				5EB000A31E6CFEDE00649294 /* Base */,
			);
			name = Main.storyboard;
			sourceTree = "<group>";
		};
		5EB000A71E6CFEDE00649294 /* LaunchScreen.storyboard */ = {
			isa = PBXVariantGroup;
			children = (
				5EB000A81E6CFEDE00649294 /* Base */,
			);
			name = LaunchScreen.storyboard;
			sourceTree = "<group>";
		};
/* End PBXVariantGroup section */

/* Begin XCBuildConfiguration section */
		5EB000C11E6CFEDE00649294 /* Debug */ = {
			isa = XCBuildConfiguration;
			buildSettings = {
				ALWAYS_SEARCH_USER_PATHS = NO;
				CLANG_ANALYZER_NONNULL = YES;
				CLANG_CXX_LANGUAGE_STANDARD = "gnu++0x";
				CLANG_CXX_LIBRARY = "libc++";
				CLANG_ENABLE_MODULES = YES;
				CLANG_ENABLE_OBJC_ARC = YES;
				CLANG_WARN_BOOL_CONVERSION = YES;
				CLANG_WARN_CONSTANT_CONVERSION = YES;
				CLANG_WARN_DIRECT_OBJC_ISA_USAGE = YES_ERROR;
				CLANG_WARN_DOCUMENTATION_COMMENTS = YES;
				CLANG_WARN_EMPTY_BODY = YES;
				CLANG_WARN_ENUM_CONVERSION = YES;
				CLANG_WARN_INFINITE_RECURSION = YES;
				CLANG_WARN_INT_CONVERSION = YES;
				CLANG_WARN_OBJC_ROOT_CLASS = YES_ERROR;
				CLANG_WARN_SUSPICIOUS_MOVE = YES;
				CLANG_WARN_UNREACHABLE_CODE = YES;
				CLANG_WARN__DUPLICATE_METHOD_MATCH = YES;
				"CODE_SIGN_IDENTITY[sdk=iphoneos*]" = "iPhone Developer";
				COPY_PHASE_STRIP = NO;
				DEBUG_INFORMATION_FORMAT = dwarf;
				ENABLE_STRICT_OBJC_MSGSEND = YES;
				ENABLE_TESTABILITY = YES;
				GCC_C_LANGUAGE_STANDARD = gnu99;
				GCC_DYNAMIC_NO_PIC = NO;
				GCC_NO_COMMON_BLOCKS = YES;
				GCC_OPTIMIZATION_LEVEL = 0;
				GCC_PREPROCESSOR_DEFINITIONS = (
					"DEBUG=1",
					"$(inherited)",
				);
				GCC_WARN_64_TO_32_BIT_CONVERSION = YES;
				GCC_WARN_ABOUT_RETURN_TYPE = YES_ERROR;
				GCC_WARN_UNDECLARED_SELECTOR = YES;
				GCC_WARN_UNINITIALIZED_AUTOS = YES_AGGRESSIVE;
				GCC_WARN_UNUSED_FUNCTION = YES;
				GCC_WARN_UNUSED_VARIABLE = YES;
				IPHONEOS_DEPLOYMENT_TARGET = 10.2;
				MTL_ENABLE_DEBUG_INFO = YES;
				ONLY_ACTIVE_ARCH = YES;
				SDKROOT = iphoneos;
			};
			name = Debug;
		};
		5EB000C21E6CFEDE00649294 /* Release */ = {
			isa = XCBuildConfiguration;
			buildSettings = {
				ALWAYS_SEARCH_USER_PATHS = NO;
				CLANG_ANALYZER_NONNULL = YES;
				CLANG_CXX_LANGUAGE_STANDARD = "gnu++0x";
				CLANG_CXX_LIBRARY = "libc++";
				CLANG_ENABLE_MODULES = YES;
				CLANG_ENABLE_OBJC_ARC = YES;
				CLANG_WARN_BOOL_CONVERSION = YES;
				CLANG_WARN_CONSTANT_CONVERSION = YES;
				CLANG_WARN_DIRECT_OBJC_ISA_USAGE = YES_ERROR;
				CLANG_WARN_DOCUMENTATION_COMMENTS = YES;
				CLANG_WARN_EMPTY_BODY = YES;
				CLANG_WARN_ENUM_CONVERSION = YES;
				CLANG_WARN_INFINITE_RECURSION = YES;
				CLANG_WARN_INT_CONVERSION = YES;
				CLANG_WARN_OBJC_ROOT_CLASS = YES_ERROR;
				CLANG_WARN_SUSPICIOUS_MOVE = YES;
				CLANG_WARN_UNREACHABLE_CODE = YES;
				CLANG_WARN__DUPLICATE_METHOD_MATCH = YES;
				"CODE_SIGN_IDENTITY[sdk=iphoneos*]" = "iPhone Developer";
				COPY_PHASE_STRIP = NO;
				DEBUG_INFORMATION_FORMAT = "dwarf-with-dsym";
				ENABLE_NS_ASSERTIONS = NO;
				ENABLE_STRICT_OBJC_MSGSEND = YES;
				GCC_C_LANGUAGE_STANDARD = gnu99;
				GCC_NO_COMMON_BLOCKS = YES;
				GCC_WARN_64_TO_32_BIT_CONVERSION = YES;
				GCC_WARN_ABOUT_RETURN_TYPE = YES_ERROR;
				GCC_WARN_UNDECLARED_SELECTOR = YES;
				GCC_WARN_UNINITIALIZED_AUTOS = YES_AGGRESSIVE;
				GCC_WARN_UNUSED_FUNCTION = YES;
				GCC_WARN_UNUSED_VARIABLE = YES;
				IPHONEOS_DEPLOYMENT_TARGET = 10.2;
				MTL_ENABLE_DEBUG_INFO = NO;
				SDKROOT = iphoneos;
				VALIDATE_PRODUCT = YES;
			};
			name = Release;
		};
		5EB000C41E6CFEDE00649294 /* Debug */ = {
			isa = XCBuildConfiguration;
			buildSettings = {
				ASSETCATALOG_COMPILER_APPICON_NAME = AppIcon;
				DEVELOPMENT_TEAM = 69XHTLCF36;
				INFOPLIST_FILE = NSTimerBlock/Info.plist;
				LD_RUNPATH_SEARCH_PATHS = "$(inherited) @executable_path/Frameworks";
				PRODUCT_BUNDLE_IDENTIFIER = com.junglesong.NSTimerBlock;
				PRODUCT_NAME = "$(TARGET_NAME)";
			};
			name = Debug;
		};
		5EB000C51E6CFEDE00649294 /* Release */ = {
			isa = XCBuildConfiguration;
			buildSettings = {
				ASSETCATALOG_COMPILER_APPICON_NAME = AppIcon;
				DEVELOPMENT_TEAM = 69XHTLCF36;
				INFOPLIST_FILE = NSTimerBlock/Info.plist;
				LD_RUNPATH_SEARCH_PATHS = "$(inherited) @executable_path/Frameworks";
				PRODUCT_BUNDLE_IDENTIFIER = com.junglesong.NSTimerBlock;
				PRODUCT_NAME = "$(TARGET_NAME)";
			};
			name = Release;
		};
		5EB000C71E6CFEDE00649294 /* Debug */ = {
			isa = XCBuildConfiguration;
			buildSettings = {
				BUNDLE_LOADER = "$(TEST_HOST)";
				DEVELOPMENT_TEAM = 69XHTLCF36;
				INFOPLIST_FILE = NSTimerBlockTests/Info.plist;
				LD_RUNPATH_SEARCH_PATHS = "$(inherited) @executable_path/Frameworks @loader_path/Frameworks";
				PRODUCT_BUNDLE_IDENTIFIER = com.junglesong.NSTimerBlockTests;
				PRODUCT_NAME = "$(TARGET_NAME)";
				TEST_HOST = "$(BUILT_PRODUCTS_DIR)/NSTimerBlock.app/NSTimerBlock";
			};
			name = Debug;
		};
		5EB000C81E6CFEDE00649294 /* Release */ = {
			isa = XCBuildConfiguration;
			buildSettings = {
				BUNDLE_LOADER = "$(TEST_HOST)";
				DEVELOPMENT_TEAM = 69XHTLCF36;
				INFOPLIST_FILE = NSTimerBlockTests/Info.plist;
				LD_RUNPATH_SEARCH_PATHS = "$(inherited) @executable_path/Frameworks @loader_path/Frameworks";
				PRODUCT_BUNDLE_IDENTIFIER = com.junglesong.NSTimerBlockTests;
				PRODUCT_NAME = "$(TARGET_NAME)";
				TEST_HOST = "$(BUILT_PRODUCTS_DIR)/NSTimerBlock.app/NSTimerBlock";
			};
			name = Release;
		};
		5EB000CA1E6CFEDE00649294 /* Debug */ = {
			isa = XCBuildConfiguration;
			buildSettings = {
				DEVELOPMENT_TEAM = 69XHTLCF36;
				INFOPLIST_FILE = NSTimerBlockUITests/Info.plist;
				LD_RUNPATH_SEARCH_PATHS = "$(inherited) @executable_path/Frameworks @loader_path/Frameworks";
				PRODUCT_BUNDLE_IDENTIFIER = com.junglesong.NSTimerBlockUITests;
				PRODUCT_NAME = "$(TARGET_NAME)";
				TEST_TARGET_NAME = NSTimerBlock;
			};
			name = Debug;
		};
		5EB000CB1E6CFEDE00649294 /* Release */ = {
			isa = XCBuildConfiguration;
			buildSettings = {
				DEVELOPMENT_TEAM = 69XHTLCF36;
				INFOPLIST_FILE = NSTimerBlockUITests/Info.plist;
				LD_RUNPATH_SEARCH_PATHS = "$(inherited) @executable_path/Frameworks @loader_path/Frameworks";
				PRODUCT_BUNDLE_IDENTIFIER = com.junglesong.NSTimerBlockUITests;
				PRODUCT_NAME = "$(TARGET_NAME)";
				TEST_TARGET_NAME = NSTimerBlock;
			};
			name = Release;
		};
/* End XCBuildConfiguration section */

/* Begin XCConfigurationList section */
		5EB000911E6CFEDE00649294 /* Build configuration list for PBXProject "NSTimerBlock" */ = {
			isa = XCConfigurationList;
			buildConfigurations = (
				5EB000C11E6CFEDE00649294 /* Debug */,
				5EB000C21E6CFEDE00649294 /* Release */,
			);
			defaultConfigurationIsVisible = 0;
			defaultConfigurationName = Release;
		};
		5EB000C31E6CFEDE00649294 /* Build configuration list for PBXNativeTarget "NSTimerBlock" */ = {
			isa = XCConfigurationList;
			buildConfigurations = (
				5EB000C41E6CFEDE00649294 /* Debug */,
				5EB000C51E6CFEDE00649294 /* Release */,
			);
			defaultConfigurationIsVisible = 0;
		};
		5EB000C61E6CFEDE00649294 /* Build configuration list for PBXNativeTarget "NSTimerBlockTests" */ = {
			isa = XCConfigurationList;
			buildConfigurations = (
				5EB000C71E6CFEDE00649294 /* Debug */,
				5EB000C81E6CFEDE00649294 /* Release */,
			);
			defaultConfigurationIsVisible = 0;
		};
		5EB000C91E6CFEDE00649294 /* Build configuration list for PBXNativeTarget "NSTimerBlockUITests" */ = {
			isa = XCConfigurationList;
			buildConfigurations = (
				5EB000CA1E6CFEDE00649294 /* Debug */,
				5EB000CB1E6CFEDE00649294 /* Release */,
			);
			defaultConfigurationIsVisible = 0;
		};
/* End XCConfigurationList section */
	};
	rootObject = 5EB0008E1E6CFEDE00649294 /* Project object */;
}
